// !$*UTF8*$!
{
	archiveVersion = 1;
	classes = {
	};
	objectVersion = 55;
	objects = {

/* Begin PBXBuildFile section */
		3F272A36292486BD006D0438 /* AppDelegate.swift in Sources */ = {isa = PBXBuildFile; fileRef = 3F272A35292486BD006D0438 /* AppDelegate.swift */; };
		3F272A38292486BD006D0438 /* SceneDelegate.swift in Sources */ = {isa = PBXBuildFile; fileRef = 3F272A37292486BD006D0438 /* SceneDelegate.swift */; };
		3F272A3A292486BD006D0438 /* ViewController.swift in Sources */ = {isa = PBXBuildFile; fileRef = 3F272A39292486BD006D0438 /* ViewController.swift */; };
		3F272A3D292486BD006D0438 /* Main.storyboard in Resources */ = {isa = PBXBuildFile; fileRef = 3F272A3B292486BD006D0438 /* Main.storyboard */; };
		3F272A3F292486BE006D0438 /* Assets.xcassets in Resources */ = {isa = PBXBuildFile; fileRef = 3F272A3E292486BE006D0438 /* Assets.xcassets */; };
		3F272A42292486BE006D0438 /* LaunchScreen.storyboard in Resources */ = {isa = PBXBuildFile; fileRef = 3F272A40292486BE006D0438 /* LaunchScreen.storyboard */; };
		3F272A4D292486BE006D0438 /* StackviewTests.swift in Sources */ = {isa = PBXBuildFile; fileRef = 3F272A4C292486BE006D0438 /* StackviewTests.swift */; };
		3F272A57292486BE006D0438 /* StackviewUITests.swift in Sources */ = {isa = PBXBuildFile; fileRef = 3F272A56292486BE006D0438 /* StackviewUITests.swift */; };
		3F272A59292486BE006D0438 /* StackviewUITestsLaunchTests.swift in Sources */ = {isa = PBXBuildFile; fileRef = 3F272A58292486BE006D0438 /* StackviewUITestsLaunchTests.swift */; };
/* End PBXBuildFile section */

/* Begin PBXContainerItemProxy section */
		3F272A49292486BE006D0438 /* PBXContainerItemProxy */ = {
			isa = PBXContainerItemProxy;
			containerPortal = 3F272A2A292486BD006D0438 /* Project object */;
			proxyType = 1;
			remoteGlobalIDString = 3F272A31292486BD006D0438;
			remoteInfo = Stackview;
		};
		3F272A53292486BE006D0438 /* PBXContainerItemProxy */ = {
			isa = PBXContainerItemProxy;
			containerPortal = 3F272A2A292486BD006D0438 /* Project object */;
			proxyType = 1;
			remoteGlobalIDString = 3F272A31292486BD006D0438;
			remoteInfo = Stackview;
		};
/* End PBXContainerItemProxy section */

/* Begin PBXFileReference section */
		3F272A32292486BD006D0438 /* Stackview.app */ = {isa = PBXFileReference; explicitFileType = wrapper.application; includeInIndex = 0; path = Stackview.app; sourceTree = BUILT_PRODUCTS_DIR; };
		3F272A35292486BD006D0438 /* AppDelegate.swift */ = {isa = PBXFileReference; lastKnownFileType = sourcecode.swift; path = AppDelegate.swift; sourceTree = "<group>"; };
		3F272A37292486BD006D0438 /* SceneDelegate.swift */ = {isa = PBXFileReference; lastKnownFileType = sourcecode.swift; path = SceneDelegate.swift; sourceTree = "<group>"; };
		3F272A39292486BD006D0438 /* ViewController.swift */ = {isa = PBXFileReference; lastKnownFileType = sourcecode.swift; path = ViewController.swift; sourceTree = "<group>"; };
		3F272A3C292486BD006D0438 /* Base */ = {isa = PBXFileReference; lastKnownFileType = file.storyboard; name = Base; path = Base.lproj/Main.storyboard; sourceTree = "<group>"; };
		3F272A3E292486BE006D0438 /* Assets.xcassets */ = {isa = PBXFileReference; lastKnownFileType = folder.assetcatalog; path = Assets.xcassets; sourceTree = "<group>"; };
		3F272A41292486BE006D0438 /* Base */ = {isa = PBXFileReference; lastKnownFileType = file.storyboard; name = Base; path = Base.lproj/LaunchScreen.storyboard; sourceTree = "<group>"; };
		3F272A43292486BE006D0438 /* Info.plist */ = {isa = PBXFileReference; lastKnownFileType = text.plist.xml; path = Info.plist; sourceTree = "<group>"; };
		3F272A48292486BE006D0438 /* StackviewTests.xctest */ = {isa = PBXFileReference; explicitFileType = wrapper.cfbundle; includeInIndex = 0; path = StackviewTests.xctest; sourceTree = BUILT_PRODUCTS_DIR; };
		3F272A4C292486BE006D0438 /* StackviewTests.swift */ = {isa = PBXFileReference; lastKnownFileType = sourcecode.swift; path = StackviewTests.swift; sourceTree = "<group>"; };
		3F272A52292486BE006D0438 /* StackviewUITests.xctest */ = {isa = PBXFileReference; explicitFileType = wrapper.cfbundle; includeInIndex = 0; path = StackviewUITests.xctest; sourceTree = BUILT_PRODUCTS_DIR; };
		3F272A56292486BE006D0438 /* StackviewUITests.swift */ = {isa = PBXFileReference; lastKnownFileType = sourcecode.swift; path = StackviewUITests.swift; sourceTree = "<group>"; };
		3F272A58292486BE006D0438 /* StackviewUITestsLaunchTests.swift */ = {isa = PBXFileReference; lastKnownFileType = sourcecode.swift; path = StackviewUITestsLaunchTests.swift; sourceTree = "<group>"; };
/* End PBXFileReference section */

/* Begin PBXFrameworksBuildPhase section */
		3F272A2F292486BD006D0438 /* Frameworks */ = {
			isa = PBXFrameworksBuildPhase;
			buildActionMask = 2147483647;
			files = (
			);
			runOnlyForDeploymentPostprocessing = 0;
		};
		3F272A45292486BE006D0438 /* Frameworks */ = {
			isa = PBXFrameworksBuildPhase;
			buildActionMask = 2147483647;
			files = (
			);
			runOnlyForDeploymentPostprocessing = 0;
		};
		3F272A4F292486BE006D0438 /* Frameworks */ = {
			isa = PBXFrameworksBuildPhase;
			buildActionMask = 2147483647;
			files = (
			);
			runOnlyForDeploymentPostprocessing = 0;
		};
/* End PBXFrameworksBuildPhase section */

/* Begin PBXGroup section */
		3F272A29292486BD006D0438 = {
			isa = PBXGroup;
			children = (
				3F272A34292486BD006D0438 /* Stackview */,
				3F272A4B292486BE006D0438 /* StackviewTests */,
				3F272A55292486BE006D0438 /* StackviewUITests */,
				3F272A33292486BD006D0438 /* Products */,
			);
			sourceTree = "<group>";
		};
		3F272A33292486BD006D0438 /* Products */ = {
			isa = PBXGroup;
			children = (
				3F272A32292486BD006D0438 /* Stackview.app */,
				3F272A48292486BE006D0438 /* StackviewTests.xctest */,
				3F272A52292486BE006D0438 /* StackviewUITests.xctest */,
			);
			name = Products;
			sourceTree = "<group>";
		};
		3F272A34292486BD006D0438 /* Stackview */ = {
			isa = PBXGroup;
			children = (
				3F272A35292486BD006D0438 /* AppDelegate.swift */,
				3F272A37292486BD006D0438 /* SceneDelegate.swift */,
				3F272A39292486BD006D0438 /* ViewController.swift */,
				3F272A3B292486BD006D0438 /* Main.storyboard */,
				3F272A3E292486BE006D0438 /* Assets.xcassets */,
				3F272A40292486BE006D0438 /* LaunchScreen.storyboard */,
				3F272A43292486BE006D0438 /* Info.plist */,
			);
			path = Stackview;
			sourceTree = "<group>";
		};
		3F272A4B292486BE006D0438 /* StackviewTests */ = {
			isa = PBXGroup;
			children = (
				3F272A4C292486BE006D0438 /* StackviewTests.swift */,
			);
			path = StackviewTests;
			sourceTree = "<group>";
		};
		3F272A55292486BE006D0438 /* StackviewUITests */ = {
			isa = PBXGroup;
			children = (
				3F272A56292486BE006D0438 /* StackviewUITests.swift */,
				3F272A58292486BE006D0438 /* StackviewUITestsLaunchTests.swift */,
			);
			path = StackviewUITests;
			sourceTree = "<group>";
		};
/* End PBXGroup section */

/* Begin PBXNativeTarget section */
		3F272A31292486BD006D0438 /* Stackview */ = {
			isa = PBXNativeTarget;
			buildConfigurationList = 3F272A5C292486BE006D0438 /* Build configuration list for PBXNativeTarget "Stackview" */;
			buildPhases = (
				3F272A2E292486BD006D0438 /* Sources */,
				3F272A2F292486BD006D0438 /* Frameworks */,
				3F272A30292486BD006D0438 /* Resources */,
			);
			buildRules = (
			);
			dependencies = (
			);
			name = Stackview;
			productName = Stackview;
			productReference = 3F272A32292486BD006D0438 /* Stackview.app */;
			productType = "com.apple.product-type.application";
		};
		3F272A47292486BE006D0438 /* StackviewTests */ = {
			isa = PBXNativeTarget;
			buildConfigurationList = 3F272A5F292486BE006D0438 /* Build configuration list for PBXNativeTarget "StackviewTests" */;
			buildPhases = (
				3F272A44292486BE006D0438 /* Sources */,
				3F272A45292486BE006D0438 /* Frameworks */,
				3F272A46292486BE006D0438 /* Resources */,
			);
			buildRules = (
			);
			dependencies = (
				3F272A4A292486BE006D0438 /* PBXTargetDependency */,
			);
			name = StackviewTests;
			productName = StackviewTests;
			productReference = 3F272A48292486BE006D0438 /* StackviewTests.xctest */;
			productType = "com.apple.product-type.bundle.unit-test";
		};
		3F272A51292486BE006D0438 /* StackviewUITests */ = {
			isa = PBXNativeTarget;
			buildConfigurationList = 3F272A62292486BE006D0438 /* Build configuration list for PBXNativeTarget "StackviewUITests" */;
			buildPhases = (
				3F272A4E292486BE006D0438 /* Sources */,
				3F272A4F292486BE006D0438 /* Frameworks */,
				3F272A50292486BE006D0438 /* Resources */,
			);
			buildRules = (
			);
			dependencies = (
				3F272A54292486BE006D0438 /* PBXTargetDependency */,
			);
			name = StackviewUITests;
			productName = StackviewUITests;
			productReference = 3F272A52292486BE006D0438 /* StackviewUITests.xctest */;
			productType = "com.apple.product-type.bundle.ui-testing";
		};
/* End PBXNativeTarget section */

/* Begin PBXProject section */
		3F272A2A292486BD006D0438 /* Project object */ = {
			isa = PBXProject;
			attributes = {
				BuildIndependentTargetsInParallel = 1;
				LastSwiftUpdateCheck = 1340;
				LastUpgradeCheck = 1340;
				TargetAttributes = {
					3F272A31292486BD006D0438 = {
						CreatedOnToolsVersion = 13.4;
					};
					3F272A47292486BE006D0438 = {
						CreatedOnToolsVersion = 13.4;
						TestTargetID = 3F272A31292486BD006D0438;
					};
					3F272A51292486BE006D0438 = {
						CreatedOnToolsVersion = 13.4;
						TestTargetID = 3F272A31292486BD006D0438;
					};
				};
			};
			buildConfigurationList = 3F272A2D292486BD006D0438 /* Build configuration list for PBXProject "Stackview" */;
			compatibilityVersion = "Xcode 13.0";
			developmentRegion = en;
			hasScannedForEncodings = 0;
			knownRegions = (
				en,
				Base,
			);
			mainGroup = 3F272A29292486BD006D0438;
			productRefGroup = 3F272A33292486BD006D0438 /* Products */;
			projectDirPath = "";
			projectRoot = "";
			targets = (
				3F272A31292486BD006D0438 /* Stackview */,
				3F272A47292486BE006D0438 /* StackviewTests */,
				3F272A51292486BE006D0438 /* StackviewUITests */,
			);
		};
/* End PBXProject section */

/* Begin PBXResourcesBuildPhase section */
		3F272A30292486BD006D0438 /* Resources */ = {
			isa = PBXResourcesBuildPhase;
			buildActionMask = 2147483647;
			files = (
				3F272A42292486BE006D0438 /* LaunchScreen.storyboard in Resources */,
				3F272A3F292486BE006D0438 /* Assets.xcassets in Resources */,
				3F272A3D292486BD006D0438 /* Main.storyboard in Resources */,
			);
			runOnlyForDeploymentPostprocessing = 0;
		};
		3F272A46292486BE006D0438 /* Resources */ = {
			isa = PBXResourcesBuildPhase;
			buildActionMask = 2147483647;
			files = (
			);
			runOnlyForDeploymentPostprocessing = 0;
		};
		3F272A50292486BE006D0438 /* Resources */ = {
			isa = PBXResourcesBuildPhase;
			buildActionMask = 2147483647;
			files = (
			);
			runOnlyForDeploymentPostprocessing = 0;
		};
/* End PBXResourcesBuildPhase section */

/* Begin PBXSourcesBuildPhase section */
		3F272A2E292486BD006D0438 /* Sources */ = {
			isa = PBXSourcesBuildPhase;
			buildActionMask = 2147483647;
			files = (
				3F272A3A292486BD006D0438 /* ViewController.swift in Sources */,
				3F272A36292486BD006D0438 /* AppDelegate.swift in Sources */,
				3F272A38292486BD006D0438 /* SceneDelegate.swift in Sources */,
			);
			runOnlyForDeploymentPostprocessing = 0;
		};
		3F272A44292486BE006D0438 /* Sources */ = {
			isa = PBXSourcesBuildPhase;
			buildActionMask = 2147483647;
			files = (
				3F272A4D292486BE006D0438 /* StackviewTests.swift in Sources */,
			);
			runOnlyForDeploymentPostprocessing = 0;
		};
		3F272A4E292486BE006D0438 /* Sources */ = {
			isa = PBXSourcesBuildPhase;
			buildActionMask = 2147483647;
			files = (
				3F272A59292486BE006D0438 /* StackviewUITestsLaunchTests.swift in Sources */,
				3F272A57292486BE006D0438 /* StackviewUITests.swift in Sources */,
			);
			runOnlyForDeploymentPostprocessing = 0;
		};
/* End PBXSourcesBuildPhase section */

/* Begin PBXTargetDependency section */
		3F272A4A292486BE006D0438 /* PBXTargetDependency */ = {
			isa = PBXTargetDependency;
			target = 3F272A31292486BD006D0438 /* Stackview */;
			targetProxy = 3F272A49292486BE006D0438 /* PBXContainerItemProxy */;
		};
		3F272A54292486BE006D0438 /* PBXTargetDependency */ = {
			isa = PBXTargetDependency;
			target = 3F272A31292486BD006D0438 /* Stackview */;
			targetProxy = 3F272A53292486BE006D0438 /* PBXContainerItemProxy */;
		};
/* End PBXTargetDependency section */

/* Begin PBXVariantGroup section */
		3F272A3B292486BD006D0438 /* Main.storyboard */ = {
			isa = PBXVariantGroup;
			children = (
				3F272A3C292486BD006D0438 /* Base */,
			);
			name = Main.storyboard;
			sourceTree = "<group>";
		};
		3F272A40292486BE006D0438 /* LaunchScreen.storyboard */ = {
			isa = PBXVariantGroup;
			children = (
				3F272A41292486BE006D0438 /* Base */,
			);
			name = LaunchScreen.storyboard;
			sourceTree = "<group>";
		};
/* End PBXVariantGroup section */

/* Begin XCBuildConfiguration section */
		3F272A5A292486BE006D0438 /* Debug */ = {
			isa = XCBuildConfiguration;
			buildSettings = {
				ALWAYS_SEARCH_USER_PATHS = NO;
				CLANG_ANALYZER_NONNULL = YES;
				CLANG_ANALYZER_NUMBER_OBJECT_CONVERSION = YES_AGGRESSIVE;
				CLANG_CXX_LANGUAGE_STANDARD = "gnu++17";
				CLANG_ENABLE_MODULES = YES;
				CLANG_ENABLE_OBJC_ARC = YES;
				CLANG_ENABLE_OBJC_WEAK = YES;
				CLANG_WARN_BLOCK_CAPTURE_AUTORELEASING = YES;
				CLANG_WARN_BOOL_CONVERSION = YES;
				CLANG_WARN_COMMA = YES;
				CLANG_WARN_CONSTANT_CONVERSION = YES;
				CLANG_WARN_DEPRECATED_OBJC_IMPLEMENTATIONS = YES;
				CLANG_WARN_DIRECT_OBJC_ISA_USAGE = YES_ERROR;
				CLANG_WARN_DOCUMENTATION_COMMENTS = YES;
				CLANG_WARN_EMPTY_BODY = YES;
				CLANG_WARN_ENUM_CONVERSION = YES;
				CLANG_WARN_INFINITE_RECURSION = YES;
				CLANG_WARN_INT_CONVERSION = YES;
				CLANG_WARN_NON_LITERAL_NULL_CONVERSION = YES;
				CLANG_WARN_OBJC_IMPLICIT_RETAIN_SELF = YES;
				CLANG_WARN_OBJC_LITERAL_CONVERSION = YES;
				CLANG_WARN_OBJC_ROOT_CLASS = YES_ERROR;
				CLANG_WARN_QUOTED_INCLUDE_IN_FRAMEWORK_HEADER = YES;
				CLANG_WARN_RANGE_LOOP_ANALYSIS = YES;
				CLANG_WARN_STRICT_PROTOTYPES = YES;
				CLANG_WARN_SUSPICIOUS_MOVE = YES;
				CLANG_WARN_UNGUARDED_AVAILABILITY = YES_AGGRESSIVE;
				CLANG_WARN_UNREACHABLE_CODE = YES;
				CLANG_WARN__DUPLICATE_METHOD_MATCH = YES;
				COPY_PHASE_STRIP = NO;
				DEBUG_INFORMATION_FORMAT = dwarf;
				ENABLE_STRICT_OBJC_MSGSEND = YES;
				ENABLE_TESTABILITY = YES;
				GCC_C_LANGUAGE_STANDARD = gnu11;
				GCC_DYNAMIC_NO_PIC = NO;
				GCC_NO_COMMON_BLOCKS = YES;
				GCC_OPTIMIZATION_LEVEL = 0;
				GCC_PREPROCESSOR_DEFINITIONS = (
					"DEBUG=1",
					"$(inherited)",
				);
				GCC_WARN_64_TO_32_BIT_CONVERSION = YES;
				GCC_WARN_ABOUT_RETURN_TYPE = YES_ERROR;
				GCC_WARN_UNDECLARED_SELECTOR = YES;
				GCC_WARN_UNINITIALIZED_AUTOS = YES_AGGRESSIVE;
				GCC_WARN_UNUSED_FUNCTION = YES;
				GCC_WARN_UNUSED_VARIABLE = YES;
				IPHONEOS_DEPLOYMENT_TARGET = 15.5;
				MTL_ENABLE_DEBUG_INFO = INCLUDE_SOURCE;
				MTL_FAST_MATH = YES;
				ONLY_ACTIVE_ARCH = YES;
				SDKROOT = iphoneos;
				SWIFT_ACTIVE_COMPILATION_CONDITIONS = DEBUG;
				SWIFT_OPTIMIZATION_LEVEL = "-Onone";
			};
			name = Debug;
		};
		3F272A5B292486BE006D0438 /* Release */ = {
			isa = XCBuildConfiguration;
			buildSettings = {
				ALWAYS_SEARCH_USER_PATHS = NO;
				CLANG_ANALYZER_NONNULL = YES;
				CLANG_ANALYZER_NUMBER_OBJECT_CONVERSION = YES_AGGRESSIVE;
				CLANG_CXX_LANGUAGE_STANDARD = "gnu++17";
				CLANG_ENABLE_MODULES = YES;
				CLANG_ENABLE_OBJC_ARC = YES;
				CLANG_ENABLE_OBJC_WEAK = YES;
				CLANG_WARN_BLOCK_CAPTURE_AUTORELEASING = YES;
				CLANG_WARN_BOOL_CONVERSION = YES;
				CLANG_WARN_COMMA = YES;
				CLANG_WARN_CONSTANT_CONVERSION = YES;
				CLANG_WARN_DEPRECATED_OBJC_IMPLEMENTATIONS = YES;
				CLANG_WARN_DIRECT_OBJC_ISA_USAGE = YES_ERROR;
				CLANG_WARN_DOCUMENTATION_COMMENTS = YES;
				CLANG_WARN_EMPTY_BODY = YES;
				CLANG_WARN_ENUM_CONVERSION = YES;
				CLANG_WARN_INFINITE_RECURSION = YES;
				CLANG_WARN_INT_CONVERSION = YES;
				CLANG_WARN_NON_LITERAL_NULL_CONVERSION = YES;
				CLANG_WARN_OBJC_IMPLICIT_RETAIN_SELF = YES;
				CLANG_WARN_OBJC_LITERAL_CONVERSION = YES;
				CLANG_WARN_OBJC_ROOT_CLASS = YES_ERROR;
				CLANG_WARN_QUOTED_INCLUDE_IN_FRAMEWORK_HEADER = YES;
				CLANG_WARN_RANGE_LOOP_ANALYSIS = YES;
				CLANG_WARN_STRICT_PROTOTYPES = YES;
				CLANG_WARN_SUSPICIOUS_MOVE = YES;
				CLANG_WARN_UNGUARDED_AVAILABILITY = YES_AGGRESSIVE;
				CLANG_WARN_UNREACHABLE_CODE = YES;
				CLANG_WARN__DUPLICATE_METHOD_MATCH = YES;
				COPY_PHASE_STRIP = NO;
				DEBUG_INFORMATION_FORMAT = "dwarf-with-dsym";
				ENABLE_NS_ASSERTIONS = NO;
				ENABLE_STRICT_OBJC_MSGSEND = YES;
				GCC_C_LANGUAGE_STANDARD = gnu11;
				GCC_NO_COMMON_BLOCKS = YES;
				GCC_WARN_64_TO_32_BIT_CONVERSION = YES;
				GCC_WARN_ABOUT_RETURN_TYPE = YES_ERROR;
				GCC_WARN_UNDECLARED_SELECTOR = YES;
				GCC_WARN_UNINITIALIZED_AUTOS = YES_AGGRESSIVE;
				GCC_WARN_UNUSED_FUNCTION = YES;
				GCC_WARN_UNUSED_VARIABLE = YES;
				IPHONEOS_DEPLOYMENT_TARGET = 15.5;
				MTL_ENABLE_DEBUG_INFO = NO;
				MTL_FAST_MATH = YES;
				SDKROOT = iphoneos;
				SWIFT_COMPILATION_MODE = wholemodule;
				SWIFT_OPTIMIZATION_LEVEL = "-O";
				VALIDATE_PRODUCT = YES;
			};
			name = Release;
		};
		3F272A5D292486BE006D0438 /* Debug */ = {
			isa = XCBuildConfiguration;
			buildSettings = {
				ASSETCATALOG_COMPILER_APPICON_NAME = AppIcon;
				ASSETCATALOG_COMPILER_GLOBAL_ACCENT_COLOR_NAME = AccentColor;
				CODE_SIGN_STYLE = Automatic;
				CURRENT_PROJECT_VERSION = 1;
				GENERATE_INFOPLIST_FILE = YES;
				INFOPLIST_FILE = Stackview/Info.plist;
				INFOPLIST_KEY_UIApplicationSupportsIndirectInputEvents = YES;
				INFOPLIST_KEY_UILaunchStoryboardName = LaunchScreen;
				INFOPLIST_KEY_UIMainStoryboardFile = Main;
				INFOPLIST_KEY_UISupportedInterfaceOrientations_iPad = "UIInterfaceOrientationPortrait UIInterfaceOrientationPortraitUpsideDown UIInterfaceOrientationLandscapeLeft UIInterfaceOrientationLandscapeRight";
				INFOPLIST_KEY_UISupportedInterfaceOrientations_iPhone = "UIInterfaceOrientationPortrait UIInterfaceOrientationLandscapeLeft UIInterfaceOrientationLandscapeRight";
				LD_RUNPATH_SEARCH_PATHS = (
					"$(inherited)",
					"@executable_path/Frameworks",
				);
				MARKETING_VERSION = 1.0;
				PRODUCT_BUNDLE_IDENTIFIER = com.req6.Stackview;
				PRODUCT_NAME = "$(TARGET_NAME)";
				SWIFT_EMIT_LOC_STRINGS = YES;
				SWIFT_VERSION = 5.0;
				TARGETED_DEVICE_FAMILY = "1,2";
			};
			name = Debug;
		};
		3F272A5E292486BE006D0438 /* Release */ = {
			isa = XCBuildConfiguration;
			buildSettings = {
				ASSETCATALOG_COMPILER_APPICON_NAME = AppIcon;
				ASSETCATALOG_COMPILER_GLOBAL_ACCENT_COLOR_NAME = AccentColor;
				CODE_SIGN_STYLE = Automatic;
				CURRENT_PROJECT_VERSION = 1;
				GENERATE_INFOPLIST_FILE = YES;
				INFOPLIST_FILE = Stackview/Info.plist;
				INFOPLIST_KEY_UIApplicationSupportsIndirectInputEvents = YES;
				INFOPLIST_KEY_UILaunchStoryboardName = LaunchScreen;
				INFOPLIST_KEY_UIMainStoryboardFile = Main;
				INFOPLIST_KEY_UISupportedInterfaceOrientations_iPad = "UIInterfaceOrientationPortrait UIInterfaceOrientationPortraitUpsideDown UIInterfaceOrientationLandscapeLeft UIInterfaceOrientationLandscapeRight";
				INFOPLIST_KEY_UISupportedInterfaceOrientations_iPhone = "UIInterfaceOrientationPortrait UIInterfaceOrientationLandscapeLeft UIInterfaceOrientationLandscapeRight";
				LD_RUNPATH_SEARCH_PATHS = (
					"$(inherited)",
					"@executable_path/Frameworks",
				);
				MARKETING_VERSION = 1.0;
				PRODUCT_BUNDLE_IDENTIFIER = com.req6.Stackview;
				PRODUCT_NAME = "$(TARGET_NAME)";
				SWIFT_EMIT_LOC_STRINGS = YES;
				SWIFT_VERSION = 5.0;
				TARGETED_DEVICE_FAMILY = "1,2";
			};
			name = Release;
		};
		3F272A60292486BE006D0438 /* Debug */ = {
			isa = XCBuildConfiguration;
			buildSettings = {
				ALWAYS_EMBED_SWIFT_STANDARD_LIBRARIES = YES;
				BUNDLE_LOADER = "$(TEST_HOST)";
				CODE_SIGN_STYLE = Automatic;
				CURRENT_PROJECT_VERSION = 1;
				GENERATE_INFOPLIST_FILE = YES;
				IPHONEOS_DEPLOYMENT_TARGET = 15.5;
				MARKETING_VERSION = 1.0;
				PRODUCT_BUNDLE_IDENTIFIER = com.req6.StackviewTests;
				PRODUCT_NAME = "$(TARGET_NAME)";
				SWIFT_EMIT_LOC_STRINGS = NO;
				SWIFT_VERSION = 5.0;
				TARGETED_DEVICE_FAMILY = "1,2";
				TEST_HOST = "$(BUILT_PRODUCTS_DIR)/Stackview.app/Stackview";
			};
			name = Debug;
		};
		3F272A61292486BE006D0438 /* Release */ = {
			isa = XCBuildConfiguration;
			buildSettings = {
				ALWAYS_EMBED_SWIFT_STANDARD_LIBRARIES = YES;
				BUNDLE_LOADER = "$(TEST_HOST)";
				CODE_SIGN_STYLE = Automatic;
				CURRENT_PROJECT_VERSION = 1;
				GENERATE_INFOPLIST_FILE = YES;
				IPHONEOS_DEPLOYMENT_TARGET = 15.5;
				MARKETING_VERSION = 1.0;
				PRODUCT_BUNDLE_IDENTIFIER = com.req6.StackviewTests;
				PRODUCT_NAME = "$(TARGET_NAME)";
				SWIFT_EMIT_LOC_STRINGS = NO;
				SWIFT_VERSION = 5.0;
				TARGETED_DEVICE_FAMILY = "1,2";
				TEST_HOST = "$(BUILT_PRODUCTS_DIR)/Stackview.app/Stackview";
			};
			name = Release;
		};
		3F272A63292486BE006D0438 /* Debug */ = {
			isa = XCBuildConfiguration;
			buildSettings = {
				ALWAYS_EMBED_SWIFT_STANDARD_LIBRARIES = YES;
				CODE_SIGN_STYLE = Automatic;
				CURRENT_PROJECT_VERSION = 1;
				GENERATE_INFOPLIST_FILE = YES;
				MARKETING_VERSION = 1.0;
				PRODUCT_BUNDLE_IDENTIFIER = com.req6.StackviewUITests;
				PRODUCT_NAME = "$(TARGET_NAME)";
				SWIFT_EMIT_LOC_STRINGS = NO;
				SWIFT_VERSION = 5.0;
				TARGETED_DEVICE_FAMILY = "1,2";
				TEST_TARGET_NAME = Stackview;
			};
			name = Debug;
		};
		3F272A64292486BE006D0438 /* Release */ = {
			isa = XCBuildConfiguration;
			buildSettings = {
				ALWAYS_EMBED_SWIFT_STANDARD_LIBRARIES = YES;
				CODE_SIGN_STYLE = Automatic;
				CURRENT_PROJECT_VERSION = 1;
				GENERATE_INFOPLIST_FILE = YES;
				MARKETING_VERSION = 1.0;
				PRODUCT_BUNDLE_IDENTIFIER = com.req6.StackviewUITests;
				PRODUCT_NAME = "$(TARGET_NAME)";
				SWIFT_EMIT_LOC_STRINGS = NO;
				SWIFT_VERSION = 5.0;
				TARGETED_DEVICE_FAMILY = "1,2";
				TEST_TARGET_NAME = Stackview;
			};
			name = Release;
		};
/* End XCBuildConfiguration section */

/* Begin XCConfigurationList section */
		3F272A2D292486BD006D0438 /* Build configuration list for PBXProject "Stackview" */ = {
			isa = XCConfigurationList;
			buildConfigurations = (
				3F272A5A292486BE006D0438 /* Debug */,
				3F272A5B292486BE006D0438 /* Release */,
			);
			defaultConfigurationIsVisible = 0;
			defaultConfigurationName = Release;
		};
		3F272A5C292486BE006D0438 /* Build configuration list for PBXNativeTarget "Stackview" */ = {
			isa = XCConfigurationList;
			buildConfigurations = (
				3F272A5D292486BE006D0438 /* Debug */,
				3F272A5E292486BE006D0438 /* Release */,
			);
			defaultConfigurationIsVisible = 0;
			defaultConfigurationName = Release;
		};
		3F272A5F292486BE006D0438 /* Build configuration list for PBXNativeTarget "StackviewTests" */ = {
			isa = XCConfigurationList;
			buildConfigurations = (
				3F272A60292486BE006D0438 /* Debug */,
				3F272A61292486BE006D0438 /* Release */,
			);
			defaultConfigurationIsVisible = 0;
			defaultConfigurationName = Release;
		};
		3F272A62292486BE006D0438 /* Build configuration list for PBXNativeTarget "StackviewUITests" */ = {
			isa = XCConfigurationList;
			buildConfigurations = (
				3F272A63292486BE006D0438 /* Debug */,
				3F272A64292486BE006D0438 /* Release */,
			);
			defaultConfigurationIsVisible = 0;
			defaultConfigurationName = Release;
		};
/* End XCConfigurationList section */
	};
	rootObject = 3F272A2A292486BD006D0438 /* Project object */;
}
