// !$*UTF8*$!
{
	archiveVersion = 1;
	classes = {
	};
	objectVersion = 55;
	objects = {

/* Begin PBXBuildFile section */
		3F82D677291B907B00AEF6DD /* AppDelegate.swift in Sources */ = {isa = PBXBuildFile; fileRef = 3F82D676291B907B00AEF6DD /* AppDelegate.swift */; };
		3F82D679291B907B00AEF6DD /* SceneDelegate.swift in Sources */ = {isa = PBXBuildFile; fileRef = 3F82D678291B907B00AEF6DD /* SceneDelegate.swift */; };
		3F82D67B291B907B00AEF6DD /* ViewController.swift in Sources */ = {isa = PBXBuildFile; fileRef = 3F82D67A291B907B00AEF6DD /* ViewController.swift */; };
		3F82D67E291B907B00AEF6DD /* Main.storyboard in Resources */ = {isa = PBXBuildFile; fileRef = 3F82D67C291B907B00AEF6DD /* Main.storyboard */; };
		3F82D680291B907B00AEF6DD /* Assets.xcassets in Resources */ = {isa = PBXBuildFile; fileRef = 3F82D67F291B907B00AEF6DD /* Assets.xcassets */; };
		3F82D683291B907B00AEF6DD /* LaunchScreen.storyboard in Resources */ = {isa = PBXBuildFile; fileRef = 3F82D681291B907B00AEF6DD /* LaunchScreen.storyboard */; };
		3F82D68E291B907B00AEF6DD /* buttonTests.swift in Sources */ = {isa = PBXBuildFile; fileRef = 3F82D68D291B907B00AEF6DD /* buttonTests.swift */; };
		3F82D698291B907B00AEF6DD /* buttonUITests.swift in Sources */ = {isa = PBXBuildFile; fileRef = 3F82D697291B907B00AEF6DD /* buttonUITests.swift */; };
		3F82D69A291B907B00AEF6DD /* buttonUITestsLaunchTests.swift in Sources */ = {isa = PBXBuildFile; fileRef = 3F82D699291B907B00AEF6DD /* buttonUITestsLaunchTests.swift */; };
/* End PBXBuildFile section */

/* Begin PBXContainerItemProxy section */
		3F82D68A291B907B00AEF6DD /* PBXContainerItemProxy */ = {
			isa = PBXContainerItemProxy;
			containerPortal = 3F82D66B291B907B00AEF6DD /* Project object */;
			proxyType = 1;
			remoteGlobalIDString = 3F82D672291B907B00AEF6DD;
			remoteInfo = button;
		};
		3F82D694291B907B00AEF6DD /* PBXContainerItemProxy */ = {
			isa = PBXContainerItemProxy;
			containerPortal = 3F82D66B291B907B00AEF6DD /* Project object */;
			proxyType = 1;
			remoteGlobalIDString = 3F82D672291B907B00AEF6DD;
			remoteInfo = button;
		};
/* End PBXContainerItemProxy section */

/* Begin PBXFileReference section */
		3F82D673291B907B00AEF6DD /* button.app */ = {isa = PBXFileReference; explicitFileType = wrapper.application; includeInIndex = 0; path = button.app; sourceTree = BUILT_PRODUCTS_DIR; };
		3F82D676291B907B00AEF6DD /* AppDelegate.swift */ = {isa = PBXFileReference; lastKnownFileType = sourcecode.swift; path = AppDelegate.swift; sourceTree = "<group>"; };
		3F82D678291B907B00AEF6DD /* SceneDelegate.swift */ = {isa = PBXFileReference; lastKnownFileType = sourcecode.swift; path = SceneDelegate.swift; sourceTree = "<group>"; };
		3F82D67A291B907B00AEF6DD /* ViewController.swift */ = {isa = PBXFileReference; lastKnownFileType = sourcecode.swift; path = ViewController.swift; sourceTree = "<group>"; };
		3F82D67D291B907B00AEF6DD /* Base */ = {isa = PBXFileReference; lastKnownFileType = file.storyboard; name = Base; path = Base.lproj/Main.storyboard; sourceTree = "<group>"; };
		3F82D67F291B907B00AEF6DD /* Assets.xcassets */ = {isa = PBXFileReference; lastKnownFileType = folder.assetcatalog; path = Assets.xcassets; sourceTree = "<group>"; };
		3F82D682291B907B00AEF6DD /* Base */ = {isa = PBXFileReference; lastKnownFileType = file.storyboard; name = Base; path = Base.lproj/LaunchScreen.storyboard; sourceTree = "<group>"; };
		3F82D684291B907B00AEF6DD /* Info.plist */ = {isa = PBXFileReference; lastKnownFileType = text.plist.xml; path = Info.plist; sourceTree = "<group>"; };
		3F82D689291B907B00AEF6DD /* buttonTests.xctest */ = {isa = PBXFileReference; explicitFileType = wrapper.cfbundle; includeInIndex = 0; path = buttonTests.xctest; sourceTree = BUILT_PRODUCTS_DIR; };
		3F82D68D291B907B00AEF6DD /* buttonTests.swift */ = {isa = PBXFileReference; lastKnownFileType = sourcecode.swift; path = buttonTests.swift; sourceTree = "<group>"; };
		3F82D693291B907B00AEF6DD /* buttonUITests.xctest */ = {isa = PBXFileReference; explicitFileType = wrapper.cfbundle; includeInIndex = 0; path = buttonUITests.xctest; sourceTree = BUILT_PRODUCTS_DIR; };
		3F82D697291B907B00AEF6DD /* buttonUITests.swift */ = {isa = PBXFileReference; lastKnownFileType = sourcecode.swift; path = buttonUITests.swift; sourceTree = "<group>"; };
		3F82D699291B907B00AEF6DD /* buttonUITestsLaunchTests.swift */ = {isa = PBXFileReference; lastKnownFileType = sourcecode.swift; path = buttonUITestsLaunchTests.swift; sourceTree = "<group>"; };
/* End PBXFileReference section */

/* Begin PBXFrameworksBuildPhase section */
		3F82D670291B907B00AEF6DD /* Frameworks */ = {
			isa = PBXFrameworksBuildPhase;
			buildActionMask = 2147483647;
			files = (
			);
			runOnlyForDeploymentPostprocessing = 0;
		};
		3F82D686291B907B00AEF6DD /* Frameworks */ = {
			isa = PBXFrameworksBuildPhase;
			buildActionMask = 2147483647;
			files = (
			);
			runOnlyForDeploymentPostprocessing = 0;
		};
		3F82D690291B907B00AEF6DD /* Frameworks */ = {
			isa = PBXFrameworksBuildPhase;
			buildActionMask = 2147483647;
			files = (
			);
			runOnlyForDeploymentPostprocessing = 0;
		};
/* End PBXFrameworksBuildPhase section */

/* Begin PBXGroup section */
		3F82D66A291B907B00AEF6DD = {
			isa = PBXGroup;
			children = (
				3F82D675291B907B00AEF6DD /* button */,
				3F82D68C291B907B00AEF6DD /* buttonTests */,
				3F82D696291B907B00AEF6DD /* buttonUITests */,
				3F82D674291B907B00AEF6DD /* Products */,
			);
			sourceTree = "<group>";
		};
		3F82D674291B907B00AEF6DD /* Products */ = {
			isa = PBXGroup;
			children = (
				3F82D673291B907B00AEF6DD /* button.app */,
				3F82D689291B907B00AEF6DD /* buttonTests.xctest */,
				3F82D693291B907B00AEF6DD /* buttonUITests.xctest */,
			);
			name = Products;
			sourceTree = "<group>";
		};
		3F82D675291B907B00AEF6DD /* button */ = {
			isa = PBXGroup;
			children = (
				3F82D676291B907B00AEF6DD /* AppDelegate.swift */,
				3F82D678291B907B00AEF6DD /* SceneDelegate.swift */,
				3F82D67A291B907B00AEF6DD /* ViewController.swift */,
				3F82D67C291B907B00AEF6DD /* Main.storyboard */,
				3F82D67F291B907B00AEF6DD /* Assets.xcassets */,
				3F82D681291B907B00AEF6DD /* LaunchScreen.storyboard */,
				3F82D684291B907B00AEF6DD /* Info.plist */,
			);
			path = button;
			sourceTree = "<group>";
		};
		3F82D68C291B907B00AEF6DD /* buttonTests */ = {
			isa = PBXGroup;
			children = (
				3F82D68D291B907B00AEF6DD /* buttonTests.swift */,
			);
			path = buttonTests;
			sourceTree = "<group>";
		};
		3F82D696291B907B00AEF6DD /* buttonUITests */ = {
			isa = PBXGroup;
			children = (
				3F82D697291B907B00AEF6DD /* buttonUITests.swift */,
				3F82D699291B907B00AEF6DD /* buttonUITestsLaunchTests.swift */,
			);
			path = buttonUITests;
			sourceTree = "<group>";
		};
/* End PBXGroup section */

/* Begin PBXNativeTarget section */
		3F82D672291B907B00AEF6DD /* button */ = {
			isa = PBXNativeTarget;
			buildConfigurationList = 3F82D69D291B907B00AEF6DD /* Build configuration list for PBXNativeTarget "button" */;
			buildPhases = (
				3F82D66F291B907B00AEF6DD /* Sources */,
				3F82D670291B907B00AEF6DD /* Frameworks */,
				3F82D671291B907B00AEF6DD /* Resources */,
			);
			buildRules = (
			);
			dependencies = (
			);
			name = button;
			productName = button;
			productReference = 3F82D673291B907B00AEF6DD /* button.app */;
			productType = "com.apple.product-type.application";
		};
		3F82D688291B907B00AEF6DD /* buttonTests */ = {
			isa = PBXNativeTarget;
			buildConfigurationList = 3F82D6A0291B907B00AEF6DD /* Build configuration list for PBXNativeTarget "buttonTests" */;
			buildPhases = (
				3F82D685291B907B00AEF6DD /* Sources */,
				3F82D686291B907B00AEF6DD /* Frameworks */,
				3F82D687291B907B00AEF6DD /* Resources */,
			);
			buildRules = (
			);
			dependencies = (
				3F82D68B291B907B00AEF6DD /* PBXTargetDependency */,
			);
			name = buttonTests;
			productName = buttonTests;
			productReference = 3F82D689291B907B00AEF6DD /* buttonTests.xctest */;
			productType = "com.apple.product-type.bundle.unit-test";
		};
		3F82D692291B907B00AEF6DD /* buttonUITests */ = {
			isa = PBXNativeTarget;
			buildConfigurationList = 3F82D6A3291B907B00AEF6DD /* Build configuration list for PBXNativeTarget "buttonUITests" */;
			buildPhases = (
				3F82D68F291B907B00AEF6DD /* Sources */,
				3F82D690291B907B00AEF6DD /* Frameworks */,
				3F82D691291B907B00AEF6DD /* Resources */,
			);
			buildRules = (
			);
			dependencies = (
				3F82D695291B907B00AEF6DD /* PBXTargetDependency */,
			);
			name = buttonUITests;
			productName = buttonUITests;
			productReference = 3F82D693291B907B00AEF6DD /* buttonUITests.xctest */;
			productType = "com.apple.product-type.bundle.ui-testing";
		};
/* End PBXNativeTarget section */

/* Begin PBXProject section */
		3F82D66B291B907B00AEF6DD /* Project object */ = {
			isa = PBXProject;
			attributes = {
				BuildIndependentTargetsInParallel = 1;
				LastSwiftUpdateCheck = 1340;
				LastUpgradeCheck = 1340;
				TargetAttributes = {
					3F82D672291B907B00AEF6DD = {
						CreatedOnToolsVersion = 13.4;
					};
					3F82D688291B907B00AEF6DD = {
						CreatedOnToolsVersion = 13.4;
						TestTargetID = 3F82D672291B907B00AEF6DD;
					};
					3F82D692291B907B00AEF6DD = {
						CreatedOnToolsVersion = 13.4;
						TestTargetID = 3F82D672291B907B00AEF6DD;
					};
				};
			};
			buildConfigurationList = 3F82D66E291B907B00AEF6DD /* Build configuration list for PBXProject "button" */;
			compatibilityVersion = "Xcode 13.0";
			developmentRegion = en;
			hasScannedForEncodings = 0;
			knownRegions = (
				en,
				Base,
			);
			mainGroup = 3F82D66A291B907B00AEF6DD;
			productRefGroup = 3F82D674291B907B00AEF6DD /* Products */;
			projectDirPath = "";
			projectRoot = "";
			targets = (
				3F82D672291B907B00AEF6DD /* button */,
				3F82D688291B907B00AEF6DD /* buttonTests */,
				3F82D692291B907B00AEF6DD /* buttonUITests */,
			);
		};
/* End PBXProject section */

/* Begin PBXResourcesBuildPhase section */
		3F82D671291B907B00AEF6DD /* Resources */ = {
			isa = PBXResourcesBuildPhase;
			buildActionMask = 2147483647;
			files = (
				3F82D683291B907B00AEF6DD /* LaunchScreen.storyboard in Resources */,
				3F82D680291B907B00AEF6DD /* Assets.xcassets in Resources */,
				3F82D67E291B907B00AEF6DD /* Main.storyboard in Resources */,
			);
			runOnlyForDeploymentPostprocessing = 0;
		};
		3F82D687291B907B00AEF6DD /* Resources */ = {
			isa = PBXResourcesBuildPhase;
			buildActionMask = 2147483647;
			files = (
			);
			runOnlyForDeploymentPostprocessing = 0;
		};
		3F82D691291B907B00AEF6DD /* Resources */ = {
			isa = PBXResourcesBuildPhase;
			buildActionMask = 2147483647;
			files = (
			);
			runOnlyForDeploymentPostprocessing = 0;
		};
/* End PBXResourcesBuildPhase section */

/* Begin PBXSourcesBuildPhase section */
		3F82D66F291B907B00AEF6DD /* Sources */ = {
			isa = PBXSourcesBuildPhase;
			buildActionMask = 2147483647;
			files = (
				3F82D67B291B907B00AEF6DD /* ViewController.swift in Sources */,
				3F82D677291B907B00AEF6DD /* AppDelegate.swift in Sources */,
				3F82D679291B907B00AEF6DD /* SceneDelegate.swift in Sources */,
			);
			runOnlyForDeploymentPostprocessing = 0;
		};
		3F82D685291B907B00AEF6DD /* Sources */ = {
			isa = PBXSourcesBuildPhase;
			buildActionMask = 2147483647;
			files = (
				3F82D68E291B907B00AEF6DD /* buttonTests.swift in Sources */,
			);
			runOnlyForDeploymentPostprocessing = 0;
		};
		3F82D68F291B907B00AEF6DD /* Sources */ = {
			isa = PBXSourcesBuildPhase;
			buildActionMask = 2147483647;
			files = (
				3F82D69A291B907B00AEF6DD /* buttonUITestsLaunchTests.swift in Sources */,
				3F82D698291B907B00AEF6DD /* buttonUITests.swift in Sources */,
			);
			runOnlyForDeploymentPostprocessing = 0;
		};
/* End PBXSourcesBuildPhase section */

/* Begin PBXTargetDependency section */
		3F82D68B291B907B00AEF6DD /* PBXTargetDependency */ = {
			isa = PBXTargetDependency;
			target = 3F82D672291B907B00AEF6DD /* button */;
			targetProxy = 3F82D68A291B907B00AEF6DD /* PBXContainerItemProxy */;
		};
		3F82D695291B907B00AEF6DD /* PBXTargetDependency */ = {
			isa = PBXTargetDependency;
			target = 3F82D672291B907B00AEF6DD /* button */;
			targetProxy = 3F82D694291B907B00AEF6DD /* PBXContainerItemProxy */;
		};
/* End PBXTargetDependency section */

/* Begin PBXVariantGroup section */
		3F82D67C291B907B00AEF6DD /* Main.storyboard */ = {
			isa = PBXVariantGroup;
			children = (
				3F82D67D291B907B00AEF6DD /* Base */,
			);
			name = Main.storyboard;
			sourceTree = "<group>";
		};
		3F82D681291B907B00AEF6DD /* LaunchScreen.storyboard */ = {
			isa = PBXVariantGroup;
			children = (
				3F82D682291B907B00AEF6DD /* Base */,
			);
			name = LaunchScreen.storyboard;
			sourceTree = "<group>";
		};
/* End PBXVariantGroup section */

/* Begin XCBuildConfiguration section */
		3F82D69B291B907B00AEF6DD /* Debug */ = {
			isa = XCBuildConfiguration;
			buildSettings = {
				ALWAYS_SEARCH_USER_PATHS = NO;
				CLANG_ANALYZER_NONNULL = YES;
				CLANG_ANALYZER_NUMBER_OBJECT_CONVERSION = YES_AGGRESSIVE;
				CLANG_CXX_LANGUAGE_STANDARD = "gnu++17";
				CLANG_ENABLE_MODULES = YES;
				CLANG_ENABLE_OBJC_ARC = YES;
				CLANG_ENABLE_OBJC_WEAK = YES;
				CLANG_WARN_BLOCK_CAPTURE_AUTORELEASING = YES;
				CLANG_WARN_BOOL_CONVERSION = YES;
				CLANG_WARN_COMMA = YES;
				CLANG_WARN_CONSTANT_CONVERSION = YES;
				CLANG_WARN_DEPRECATED_OBJC_IMPLEMENTATIONS = YES;
				CLANG_WARN_DIRECT_OBJC_ISA_USAGE = YES_ERROR;
				CLANG_WARN_DOCUMENTATION_COMMENTS = YES;
				CLANG_WARN_EMPTY_BODY = YES;
				CLANG_WARN_ENUM_CONVERSION = YES;
				CLANG_WARN_INFINITE_RECURSION = YES;
				CLANG_WARN_INT_CONVERSION = YES;
				CLANG_WARN_NON_LITERAL_NULL_CONVERSION = YES;
				CLANG_WARN_OBJC_IMPLICIT_RETAIN_SELF = YES;
				CLANG_WARN_OBJC_LITERAL_CONVERSION = YES;
				CLANG_WARN_OBJC_ROOT_CLASS = YES_ERROR;
				CLANG_WARN_QUOTED_INCLUDE_IN_FRAMEWORK_HEADER = YES;
				CLANG_WARN_RANGE_LOOP_ANALYSIS = YES;
				CLANG_WARN_STRICT_PROTOTYPES = YES;
				CLANG_WARN_SUSPICIOUS_MOVE = YES;
				CLANG_WARN_UNGUARDED_AVAILABILITY = YES_AGGRESSIVE;
				CLANG_WARN_UNREACHABLE_CODE = YES;
				CLANG_WARN__DUPLICATE_METHOD_MATCH = YES;
				COPY_PHASE_STRIP = NO;
				DEBUG_INFORMATION_FORMAT = dwarf;
				ENABLE_STRICT_OBJC_MSGSEND = YES;
				ENABLE_TESTABILITY = YES;
				GCC_C_LANGUAGE_STANDARD = gnu11;
				GCC_DYNAMIC_NO_PIC = NO;
				GCC_NO_COMMON_BLOCKS = YES;
				GCC_OPTIMIZATION_LEVEL = 0;
				GCC_PREPROCESSOR_DEFINITIONS = (
					"DEBUG=1",
					"$(inherited)",
				);
				GCC_WARN_64_TO_32_BIT_CONVERSION = YES;
				GCC_WARN_ABOUT_RETURN_TYPE = YES_ERROR;
				GCC_WARN_UNDECLARED_SELECTOR = YES;
				GCC_WARN_UNINITIALIZED_AUTOS = YES_AGGRESSIVE;
				GCC_WARN_UNUSED_FUNCTION = YES;
				GCC_WARN_UNUSED_VARIABLE = YES;
				IPHONEOS_DEPLOYMENT_TARGET = 15.5;
				MTL_ENABLE_DEBUG_INFO = INCLUDE_SOURCE;
				MTL_FAST_MATH = YES;
				ONLY_ACTIVE_ARCH = YES;
				SDKROOT = iphoneos;
				SWIFT_ACTIVE_COMPILATION_CONDITIONS = DEBUG;
				SWIFT_OPTIMIZATION_LEVEL = "-Onone";
			};
			name = Debug;
		};
		3F82D69C291B907B00AEF6DD /* Release */ = {
			isa = XCBuildConfiguration;
			buildSettings = {
				ALWAYS_SEARCH_USER_PATHS = NO;
				CLANG_ANALYZER_NONNULL = YES;
				CLANG_ANALYZER_NUMBER_OBJECT_CONVERSION = YES_AGGRESSIVE;
				CLANG_CXX_LANGUAGE_STANDARD = "gnu++17";
				CLANG_ENABLE_MODULES = YES;
				CLANG_ENABLE_OBJC_ARC = YES;
				CLANG_ENABLE_OBJC_WEAK = YES;
				CLANG_WARN_BLOCK_CAPTURE_AUTORELEASING = YES;
				CLANG_WARN_BOOL_CONVERSION = YES;
				CLANG_WARN_COMMA = YES;
				CLANG_WARN_CONSTANT_CONVERSION = YES;
				CLANG_WARN_DEPRECATED_OBJC_IMPLEMENTATIONS = YES;
				CLANG_WARN_DIRECT_OBJC_ISA_USAGE = YES_ERROR;
				CLANG_WARN_DOCUMENTATION_COMMENTS = YES;
				CLANG_WARN_EMPTY_BODY = YES;
				CLANG_WARN_ENUM_CONVERSION = YES;
				CLANG_WARN_INFINITE_RECURSION = YES;
				CLANG_WARN_INT_CONVERSION = YES;
				CLANG_WARN_NON_LITERAL_NULL_CONVERSION = YES;
				CLANG_WARN_OBJC_IMPLICIT_RETAIN_SELF = YES;
				CLANG_WARN_OBJC_LITERAL_CONVERSION = YES;
				CLANG_WARN_OBJC_ROOT_CLASS = YES_ERROR;
				CLANG_WARN_QUOTED_INCLUDE_IN_FRAMEWORK_HEADER = YES;
				CLANG_WARN_RANGE_LOOP_ANALYSIS = YES;
				CLANG_WARN_STRICT_PROTOTYPES = YES;
				CLANG_WARN_SUSPICIOUS_MOVE = YES;
				CLANG_WARN_UNGUARDED_AVAILABILITY = YES_AGGRESSIVE;
				CLANG_WARN_UNREACHABLE_CODE = YES;
				CLANG_WARN__DUPLICATE_METHOD_MATCH = YES;
				COPY_PHASE_STRIP = NO;
				DEBUG_INFORMATION_FORMAT = "dwarf-with-dsym";
				ENABLE_NS_ASSERTIONS = NO;
				ENABLE_STRICT_OBJC_MSGSEND = YES;
				GCC_C_LANGUAGE_STANDARD = gnu11;
				GCC_NO_COMMON_BLOCKS = YES;
				GCC_WARN_64_TO_32_BIT_CONVERSION = YES;
				GCC_WARN_ABOUT_RETURN_TYPE = YES_ERROR;
				GCC_WARN_UNDECLARED_SELECTOR = YES;
				GCC_WARN_UNINITIALIZED_AUTOS = YES_AGGRESSIVE;
				GCC_WARN_UNUSED_FUNCTION = YES;
				GCC_WARN_UNUSED_VARIABLE = YES;
				IPHONEOS_DEPLOYMENT_TARGET = 15.5;
				MTL_ENABLE_DEBUG_INFO = NO;
				MTL_FAST_MATH = YES;
				SDKROOT = iphoneos;
				SWIFT_COMPILATION_MODE = wholemodule;
				SWIFT_OPTIMIZATION_LEVEL = "-O";
				VALIDATE_PRODUCT = YES;
			};
			name = Release;
		};
		3F82D69E291B907B00AEF6DD /* Debug */ = {
			isa = XCBuildConfiguration;
			buildSettings = {
				ASSETCATALOG_COMPILER_APPICON_NAME = AppIcon;
				ASSETCATALOG_COMPILER_GLOBAL_ACCENT_COLOR_NAME = AccentColor;
				CODE_SIGN_STYLE = Automatic;
				CURRENT_PROJECT_VERSION = 1;
				GENERATE_INFOPLIST_FILE = YES;
				INFOPLIST_FILE = button/Info.plist;
				INFOPLIST_KEY_UIApplicationSupportsIndirectInputEvents = YES;
				INFOPLIST_KEY_UILaunchStoryboardName = LaunchScreen;
				INFOPLIST_KEY_UIMainStoryboardFile = Main;
				INFOPLIST_KEY_UISupportedInterfaceOrientations_iPad = "UIInterfaceOrientationPortrait UIInterfaceOrientationPortraitUpsideDown UIInterfaceOrientationLandscapeLeft UIInterfaceOrientationLandscapeRight";
				INFOPLIST_KEY_UISupportedInterfaceOrientations_iPhone = "UIInterfaceOrientationPortrait UIInterfaceOrientationLandscapeLeft UIInterfaceOrientationLandscapeRight";
				LD_RUNPATH_SEARCH_PATHS = (
					"$(inherited)",
					"@executable_path/Frameworks",
				);
				MARKETING_VERSION = 1.0;
				PRODUCT_BUNDLE_IDENTIFIER = com.req6.button;
				PRODUCT_NAME = "$(TARGET_NAME)";
				SWIFT_EMIT_LOC_STRINGS = YES;
				SWIFT_VERSION = 5.0;
				TARGETED_DEVICE_FAMILY = "1,2";
			};
			name = Debug;
		};
		3F82D69F291B907B00AEF6DD /* Release */ = {
			isa = XCBuildConfiguration;
			buildSettings = {
				ASSETCATALOG_COMPILER_APPICON_NAME = AppIcon;
				ASSETCATALOG_COMPILER_GLOBAL_ACCENT_COLOR_NAME = AccentColor;
				CODE_SIGN_STYLE = Automatic;
				CURRENT_PROJECT_VERSION = 1;
				GENERATE_INFOPLIST_FILE = YES;
				INFOPLIST_FILE = button/Info.plist;
				INFOPLIST_KEY_UIApplicationSupportsIndirectInputEvents = YES;
				INFOPLIST_KEY_UILaunchStoryboardName = LaunchScreen;
				INFOPLIST_KEY_UIMainStoryboardFile = Main;
				INFOPLIST_KEY_UISupportedInterfaceOrientations_iPad = "UIInterfaceOrientationPortrait UIInterfaceOrientationPortraitUpsideDown UIInterfaceOrientationLandscapeLeft UIInterfaceOrientationLandscapeRight";
				INFOPLIST_KEY_UISupportedInterfaceOrientations_iPhone = "UIInterfaceOrientationPortrait UIInterfaceOrientationLandscapeLeft UIInterfaceOrientationLandscapeRight";
				LD_RUNPATH_SEARCH_PATHS = (
					"$(inherited)",
					"@executable_path/Frameworks",
				);
				MARKETING_VERSION = 1.0;
				PRODUCT_BUNDLE_IDENTIFIER = com.req6.button;
				PRODUCT_NAME = "$(TARGET_NAME)";
				SWIFT_EMIT_LOC_STRINGS = YES;
				SWIFT_VERSION = 5.0;
				TARGETED_DEVICE_FAMILY = "1,2";
			};
			name = Release;
		};
		3F82D6A1291B907B00AEF6DD /* Debug */ = {
			isa = XCBuildConfiguration;
			buildSettings = {
				ALWAYS_EMBED_SWIFT_STANDARD_LIBRARIES = YES;
				BUNDLE_LOADER = "$(TEST_HOST)";
				CODE_SIGN_STYLE = Automatic;
				CURRENT_PROJECT_VERSION = 1;
				GENERATE_INFOPLIST_FILE = YES;
				IPHONEOS_DEPLOYMENT_TARGET = 15.5;
				MARKETING_VERSION = 1.0;
				PRODUCT_BUNDLE_IDENTIFIER = com.req6.buttonTests;
				PRODUCT_NAME = "$(TARGET_NAME)";
				SWIFT_EMIT_LOC_STRINGS = NO;
				SWIFT_VERSION = 5.0;
				TARGETED_DEVICE_FAMILY = "1,2";
				TEST_HOST = "$(BUILT_PRODUCTS_DIR)/button.app/button";
			};
			name = Debug;
		};
		3F82D6A2291B907B00AEF6DD /* Release */ = {
			isa = XCBuildConfiguration;
			buildSettings = {
				ALWAYS_EMBED_SWIFT_STANDARD_LIBRARIES = YES;
				BUNDLE_LOADER = "$(TEST_HOST)";
				CODE_SIGN_STYLE = Automatic;
				CURRENT_PROJECT_VERSION = 1;
				GENERATE_INFOPLIST_FILE = YES;
				IPHONEOS_DEPLOYMENT_TARGET = 15.5;
				MARKETING_VERSION = 1.0;
				PRODUCT_BUNDLE_IDENTIFIER = com.req6.buttonTests;
				PRODUCT_NAME = "$(TARGET_NAME)";
				SWIFT_EMIT_LOC_STRINGS = NO;
				SWIFT_VERSION = 5.0;
				TARGETED_DEVICE_FAMILY = "1,2";
				TEST_HOST = "$(BUILT_PRODUCTS_DIR)/button.app/button";
			};
			name = Release;
		};
		3F82D6A4291B907B00AEF6DD /* Debug */ = {
			isa = XCBuildConfiguration;
			buildSettings = {
				ALWAYS_EMBED_SWIFT_STANDARD_LIBRARIES = YES;
				CODE_SIGN_STYLE = Automatic;
				CURRENT_PROJECT_VERSION = 1;
				GENERATE_INFOPLIST_FILE = YES;
				MARKETING_VERSION = 1.0;
				PRODUCT_BUNDLE_IDENTIFIER = com.req6.buttonUITests;
				PRODUCT_NAME = "$(TARGET_NAME)";
				SWIFT_EMIT_LOC_STRINGS = NO;
				SWIFT_VERSION = 5.0;
				TARGETED_DEVICE_FAMILY = "1,2";
				TEST_TARGET_NAME = button;
			};
			name = Debug;
		};
		3F82D6A5291B907B00AEF6DD /* Release */ = {
			isa = XCBuildConfiguration;
			buildSettings = {
				ALWAYS_EMBED_SWIFT_STANDARD_LIBRARIES = YES;
				CODE_SIGN_STYLE = Automatic;
				CURRENT_PROJECT_VERSION = 1;
				GENERATE_INFOPLIST_FILE = YES;
				MARKETING_VERSION = 1.0;
				PRODUCT_BUNDLE_IDENTIFIER = com.req6.buttonUITests;
				PRODUCT_NAME = "$(TARGET_NAME)";
				SWIFT_EMIT_LOC_STRINGS = NO;
				SWIFT_VERSION = 5.0;
				TARGETED_DEVICE_FAMILY = "1,2";
				TEST_TARGET_NAME = button;
			};
			name = Release;
		};
/* End XCBuildConfiguration section */

/* Begin XCConfigurationList section */
		3F82D66E291B907B00AEF6DD /* Build configuration list for PBXProject "button" */ = {
			isa = XCConfigurationList;
			buildConfigurations = (
				3F82D69B291B907B00AEF6DD /* Debug */,
				3F82D69C291B907B00AEF6DD /* Release */,
			);
			defaultConfigurationIsVisible = 0;
			defaultConfigurationName = Release;
		};
		3F82D69D291B907B00AEF6DD /* Build configuration list for PBXNativeTarget "button" */ = {
			isa = XCConfigurationList;
			buildConfigurations = (
				3F82D69E291B907B00AEF6DD /* Debug */,
				3F82D69F291B907B00AEF6DD /* Release */,
			);
			defaultConfigurationIsVisible = 0;
			defaultConfigurationName = Release;
		};
		3F82D6A0291B907B00AEF6DD /* Build configuration list for PBXNativeTarget "buttonTests" */ = {
			isa = XCConfigurationList;
			buildConfigurations = (
				3F82D6A1291B907B00AEF6DD /* Debug */,
				3F82D6A2291B907B00AEF6DD /* Release */,
			);
			defaultConfigurationIsVisible = 0;
			defaultConfigurationName = Release;
		};
		3F82D6A3291B907B00AEF6DD /* Build configuration list for PBXNativeTarget "buttonUITests" */ = {
			isa = XCConfigurationList;
			buildConfigurations = (
				3F82D6A4291B907B00AEF6DD /* Debug */,
				3F82D6A5291B907B00AEF6DD /* Release */,
			);
			defaultConfigurationIsVisible = 0;
			defaultConfigurationName = Release;
		};
/* End XCConfigurationList section */
	};
	rootObject = 3F82D66B291B907B00AEF6DD /* Project object */;
}
