// !$*UTF8*$!
{
	archiveVersion = 1;
	classes = {
	};
	objectVersion = 55;
	objects = {

/* Begin PBXBuildFile section */
		3FA969EF291F40EB007060C3 /* AppDelegate.swift in Sources */ = {isa = PBXBuildFile; fileRef = 3FA969EE291F40EB007060C3 /* AppDelegate.swift */; };
		3FA969F1291F40EB007060C3 /* SceneDelegate.swift in Sources */ = {isa = PBXBuildFile; fileRef = 3FA969F0291F40EB007060C3 /* SceneDelegate.swift */; };
		3FA969F3291F40EB007060C3 /* ViewController.swift in Sources */ = {isa = PBXBuildFile; fileRef = 3FA969F2291F40EB007060C3 /* ViewController.swift */; };
		3FA969F6291F40EB007060C3 /* Main.storyboard in Resources */ = {isa = PBXBuildFile; fileRef = 3FA969F4291F40EB007060C3 /* Main.storyboard */; };
		3FA969F8291F40EB007060C3 /* Assets.xcassets in Resources */ = {isa = PBXBuildFile; fileRef = 3FA969F7291F40EB007060C3 /* Assets.xcassets */; };
		3FA969FB291F40EB007060C3 /* LaunchScreen.storyboard in Resources */ = {isa = PBXBuildFile; fileRef = 3FA969F9291F40EB007060C3 /* LaunchScreen.storyboard */; };
		3FA96A06291F40EC007060C3 /* alertsTests.swift in Sources */ = {isa = PBXBuildFile; fileRef = 3FA96A05291F40EC007060C3 /* alertsTests.swift */; };
		3FA96A10291F40EC007060C3 /* alertsUITests.swift in Sources */ = {isa = PBXBuildFile; fileRef = 3FA96A0F291F40EC007060C3 /* alertsUITests.swift */; };
		3FA96A12291F40EC007060C3 /* alertsUITestsLaunchTests.swift in Sources */ = {isa = PBXBuildFile; fileRef = 3FA96A11291F40EC007060C3 /* alertsUITestsLaunchTests.swift */; };
/* End PBXBuildFile section */

/* Begin PBXContainerItemProxy section */
		3FA96A02291F40EC007060C3 /* PBXContainerItemProxy */ = {
			isa = PBXContainerItemProxy;
			containerPortal = 3FA969E3291F40EB007060C3 /* Project object */;
			proxyType = 1;
			remoteGlobalIDString = 3FA969EA291F40EB007060C3;
			remoteInfo = alerts;
		};
		3FA96A0C291F40EC007060C3 /* PBXContainerItemProxy */ = {
			isa = PBXContainerItemProxy;
			containerPortal = 3FA969E3291F40EB007060C3 /* Project object */;
			proxyType = 1;
			remoteGlobalIDString = 3FA969EA291F40EB007060C3;
			remoteInfo = alerts;
		};
/* End PBXContainerItemProxy section */

/* Begin PBXFileReference section */
		3FA969EB291F40EB007060C3 /* alerts.app */ = {isa = PBXFileReference; explicitFileType = wrapper.application; includeInIndex = 0; path = alerts.app; sourceTree = BUILT_PRODUCTS_DIR; };
		3FA969EE291F40EB007060C3 /* AppDelegate.swift */ = {isa = PBXFileReference; lastKnownFileType = sourcecode.swift; path = AppDelegate.swift; sourceTree = "<group>"; };
		3FA969F0291F40EB007060C3 /* SceneDelegate.swift */ = {isa = PBXFileReference; lastKnownFileType = sourcecode.swift; path = SceneDelegate.swift; sourceTree = "<group>"; };
		3FA969F2291F40EB007060C3 /* ViewController.swift */ = {isa = PBXFileReference; lastKnownFileType = sourcecode.swift; path = ViewController.swift; sourceTree = "<group>"; };
		3FA969F5291F40EB007060C3 /* Base */ = {isa = PBXFileReference; lastKnownFileType = file.storyboard; name = Base; path = Base.lproj/Main.storyboard; sourceTree = "<group>"; };
		3FA969F7291F40EB007060C3 /* Assets.xcassets */ = {isa = PBXFileReference; lastKnownFileType = folder.assetcatalog; path = Assets.xcassets; sourceTree = "<group>"; };
		3FA969FA291F40EB007060C3 /* Base */ = {isa = PBXFileReference; lastKnownFileType = file.storyboard; name = Base; path = Base.lproj/LaunchScreen.storyboard; sourceTree = "<group>"; };
		3FA969FC291F40EB007060C3 /* Info.plist */ = {isa = PBXFileReference; lastKnownFileType = text.plist.xml; path = Info.plist; sourceTree = "<group>"; };
		3FA96A01291F40EC007060C3 /* alertsTests.xctest */ = {isa = PBXFileReference; explicitFileType = wrapper.cfbundle; includeInIndex = 0; path = alertsTests.xctest; sourceTree = BUILT_PRODUCTS_DIR; };
		3FA96A05291F40EC007060C3 /* alertsTests.swift */ = {isa = PBXFileReference; lastKnownFileType = sourcecode.swift; path = alertsTests.swift; sourceTree = "<group>"; };
		3FA96A0B291F40EC007060C3 /* alertsUITests.xctest */ = {isa = PBXFileReference; explicitFileType = wrapper.cfbundle; includeInIndex = 0; path = alertsUITests.xctest; sourceTree = BUILT_PRODUCTS_DIR; };
		3FA96A0F291F40EC007060C3 /* alertsUITests.swift */ = {isa = PBXFileReference; lastKnownFileType = sourcecode.swift; path = alertsUITests.swift; sourceTree = "<group>"; };
		3FA96A11291F40EC007060C3 /* alertsUITestsLaunchTests.swift */ = {isa = PBXFileReference; lastKnownFileType = sourcecode.swift; path = alertsUITestsLaunchTests.swift; sourceTree = "<group>"; };
/* End PBXFileReference section */

/* Begin PBXFrameworksBuildPhase section */
		3FA969E8291F40EB007060C3 /* Frameworks */ = {
			isa = PBXFrameworksBuildPhase;
			buildActionMask = 2147483647;
			files = (
			);
			runOnlyForDeploymentPostprocessing = 0;
		};
		3FA969FE291F40EC007060C3 /* Frameworks */ = {
			isa = PBXFrameworksBuildPhase;
			buildActionMask = 2147483647;
			files = (
			);
			runOnlyForDeploymentPostprocessing = 0;
		};
		3FA96A08291F40EC007060C3 /* Frameworks */ = {
			isa = PBXFrameworksBuildPhase;
			buildActionMask = 2147483647;
			files = (
			);
			runOnlyForDeploymentPostprocessing = 0;
		};
/* End PBXFrameworksBuildPhase section */

/* Begin PBXGroup section */
		3FA969E2291F40EB007060C3 = {
			isa = PBXGroup;
			children = (
				3FA969ED291F40EB007060C3 /* alerts */,
				3FA96A04291F40EC007060C3 /* alertsTests */,
				3FA96A0E291F40EC007060C3 /* alertsUITests */,
				3FA969EC291F40EB007060C3 /* Products */,
			);
			sourceTree = "<group>";
		};
		3FA969EC291F40EB007060C3 /* Products */ = {
			isa = PBXGroup;
			children = (
				3FA969EB291F40EB007060C3 /* alerts.app */,
				3FA96A01291F40EC007060C3 /* alertsTests.xctest */,
				3FA96A0B291F40EC007060C3 /* alertsUITests.xctest */,
			);
			name = Products;
			sourceTree = "<group>";
		};
		3FA969ED291F40EB007060C3 /* alerts */ = {
			isa = PBXGroup;
			children = (
				3FA969EE291F40EB007060C3 /* AppDelegate.swift */,
				3FA969F0291F40EB007060C3 /* SceneDelegate.swift */,
				3FA969F2291F40EB007060C3 /* ViewController.swift */,
				3FA969F4291F40EB007060C3 /* Main.storyboard */,
				3FA969F7291F40EB007060C3 /* Assets.xcassets */,
				3FA969F9291F40EB007060C3 /* LaunchScreen.storyboard */,
				3FA969FC291F40EB007060C3 /* Info.plist */,
			);
			path = alerts;
			sourceTree = "<group>";
		};
		3FA96A04291F40EC007060C3 /* alertsTests */ = {
			isa = PBXGroup;
			children = (
				3FA96A05291F40EC007060C3 /* alertsTests.swift */,
			);
			path = alertsTests;
			sourceTree = "<group>";
		};
		3FA96A0E291F40EC007060C3 /* alertsUITests */ = {
			isa = PBXGroup;
			children = (
				3FA96A0F291F40EC007060C3 /* alertsUITests.swift */,
				3FA96A11291F40EC007060C3 /* alertsUITestsLaunchTests.swift */,
			);
			path = alertsUITests;
			sourceTree = "<group>";
		};
/* End PBXGroup section */

/* Begin PBXNativeTarget section */
		3FA969EA291F40EB007060C3 /* alerts */ = {
			isa = PBXNativeTarget;
			buildConfigurationList = 3FA96A15291F40EC007060C3 /* Build configuration list for PBXNativeTarget "alerts" */;
			buildPhases = (
				3FA969E7291F40EB007060C3 /* Sources */,
				3FA969E8291F40EB007060C3 /* Frameworks */,
				3FA969E9291F40EB007060C3 /* Resources */,
			);
			buildRules = (
			);
			dependencies = (
			);
			name = alerts;
			productName = alerts;
			productReference = 3FA969EB291F40EB007060C3 /* alerts.app */;
			productType = "com.apple.product-type.application";
		};
		3FA96A00291F40EC007060C3 /* alertsTests */ = {
			isa = PBXNativeTarget;
			buildConfigurationList = 3FA96A18291F40EC007060C3 /* Build configuration list for PBXNativeTarget "alertsTests" */;
			buildPhases = (
				3FA969FD291F40EC007060C3 /* Sources */,
				3FA969FE291F40EC007060C3 /* Frameworks */,
				3FA969FF291F40EC007060C3 /* Resources */,
			);
			buildRules = (
			);
			dependencies = (
				3FA96A03291F40EC007060C3 /* PBXTargetDependency */,
			);
			name = alertsTests;
			productName = alertsTests;
			productReference = 3FA96A01291F40EC007060C3 /* alertsTests.xctest */;
			productType = "com.apple.product-type.bundle.unit-test";
		};
		3FA96A0A291F40EC007060C3 /* alertsUITests */ = {
			isa = PBXNativeTarget;
			buildConfigurationList = 3FA96A1B291F40EC007060C3 /* Build configuration list for PBXNativeTarget "alertsUITests" */;
			buildPhases = (
				3FA96A07291F40EC007060C3 /* Sources */,
				3FA96A08291F40EC007060C3 /* Frameworks */,
				3FA96A09291F40EC007060C3 /* Resources */,
			);
			buildRules = (
			);
			dependencies = (
				3FA96A0D291F40EC007060C3 /* PBXTargetDependency */,
			);
			name = alertsUITests;
			productName = alertsUITests;
			productReference = 3FA96A0B291F40EC007060C3 /* alertsUITests.xctest */;
			productType = "com.apple.product-type.bundle.ui-testing";
		};
/* End PBXNativeTarget section */

/* Begin PBXProject section */
		3FA969E3291F40EB007060C3 /* Project object */ = {
			isa = PBXProject;
			attributes = {
				BuildIndependentTargetsInParallel = 1;
				LastSwiftUpdateCheck = 1340;
				LastUpgradeCheck = 1340;
				TargetAttributes = {
					3FA969EA291F40EB007060C3 = {
						CreatedOnToolsVersion = 13.4;
					};
					3FA96A00291F40EC007060C3 = {
						CreatedOnToolsVersion = 13.4;
						TestTargetID = 3FA969EA291F40EB007060C3;
					};
					3FA96A0A291F40EC007060C3 = {
						CreatedOnToolsVersion = 13.4;
						TestTargetID = 3FA969EA291F40EB007060C3;
					};
				};
			};
			buildConfigurationList = 3FA969E6291F40EB007060C3 /* Build configuration list for PBXProject "alerts" */;
			compatibilityVersion = "Xcode 13.0";
			developmentRegion = en;
			hasScannedForEncodings = 0;
			knownRegions = (
				en,
				Base,
			);
			mainGroup = 3FA969E2291F40EB007060C3;
			productRefGroup = 3FA969EC291F40EB007060C3 /* Products */;
			projectDirPath = "";
			projectRoot = "";
			targets = (
				3FA969EA291F40EB007060C3 /* alerts */,
				3FA96A00291F40EC007060C3 /* alertsTests */,
				3FA96A0A291F40EC007060C3 /* alertsUITests */,
			);
		};
/* End PBXProject section */

/* Begin PBXResourcesBuildPhase section */
		3FA969E9291F40EB007060C3 /* Resources */ = {
			isa = PBXResourcesBuildPhase;
			buildActionMask = 2147483647;
			files = (
				3FA969FB291F40EB007060C3 /* LaunchScreen.storyboard in Resources */,
				3FA969F8291F40EB007060C3 /* Assets.xcassets in Resources */,
				3FA969F6291F40EB007060C3 /* Main.storyboard in Resources */,
			);
			runOnlyForDeploymentPostprocessing = 0;
		};
		3FA969FF291F40EC007060C3 /* Resources */ = {
			isa = PBXResourcesBuildPhase;
			buildActionMask = 2147483647;
			files = (
			);
			runOnlyForDeploymentPostprocessing = 0;
		};
		3FA96A09291F40EC007060C3 /* Resources */ = {
			isa = PBXResourcesBuildPhase;
			buildActionMask = 2147483647;
			files = (
			);
			runOnlyForDeploymentPostprocessing = 0;
		};
/* End PBXResourcesBuildPhase section */

/* Begin PBXSourcesBuildPhase section */
		3FA969E7291F40EB007060C3 /* Sources */ = {
			isa = PBXSourcesBuildPhase;
			buildActionMask = 2147483647;
			files = (
				3FA969F3291F40EB007060C3 /* ViewController.swift in Sources */,
				3FA969EF291F40EB007060C3 /* AppDelegate.swift in Sources */,
				3FA969F1291F40EB007060C3 /* SceneDelegate.swift in Sources */,
			);
			runOnlyForDeploymentPostprocessing = 0;
		};
		3FA969FD291F40EC007060C3 /* Sources */ = {
			isa = PBXSourcesBuildPhase;
			buildActionMask = 2147483647;
			files = (
				3FA96A06291F40EC007060C3 /* alertsTests.swift in Sources */,
			);
			runOnlyForDeploymentPostprocessing = 0;
		};
		3FA96A07291F40EC007060C3 /* Sources */ = {
			isa = PBXSourcesBuildPhase;
			buildActionMask = 2147483647;
			files = (
				3FA96A10291F40EC007060C3 /* alertsUITests.swift in Sources */,
				3FA96A12291F40EC007060C3 /* alertsUITestsLaunchTests.swift in Sources */,
			);
			runOnlyForDeploymentPostprocessing = 0;
		};
/* End PBXSourcesBuildPhase section */

/* Begin PBXTargetDependency section */
		3FA96A03291F40EC007060C3 /* PBXTargetDependency */ = {
			isa = PBXTargetDependency;
			target = 3FA969EA291F40EB007060C3 /* alerts */;
			targetProxy = 3FA96A02291F40EC007060C3 /* PBXContainerItemProxy */;
		};
		3FA96A0D291F40EC007060C3 /* PBXTargetDependency */ = {
			isa = PBXTargetDependency;
			target = 3FA969EA291F40EB007060C3 /* alerts */;
			targetProxy = 3FA96A0C291F40EC007060C3 /* PBXContainerItemProxy */;
		};
/* End PBXTargetDependency section */

/* Begin PBXVariantGroup section */
		3FA969F4291F40EB007060C3 /* Main.storyboard */ = {
			isa = PBXVariantGroup;
			children = (
				3FA969F5291F40EB007060C3 /* Base */,
			);
			name = Main.storyboard;
			sourceTree = "<group>";
		};
		3FA969F9291F40EB007060C3 /* LaunchScreen.storyboard */ = {
			isa = PBXVariantGroup;
			children = (
				3FA969FA291F40EB007060C3 /* Base */,
			);
			name = LaunchScreen.storyboard;
			sourceTree = "<group>";
		};
/* End PBXVariantGroup section */

/* Begin XCBuildConfiguration section */
		3FA96A13291F40EC007060C3 /* Debug */ = {
			isa = XCBuildConfiguration;
			buildSettings = {
				ALWAYS_SEARCH_USER_PATHS = NO;
				CLANG_ANALYZER_NONNULL = YES;
				CLANG_ANALYZER_NUMBER_OBJECT_CONVERSION = YES_AGGRESSIVE;
				CLANG_CXX_LANGUAGE_STANDARD = "gnu++17";
				CLANG_ENABLE_MODULES = YES;
				CLANG_ENABLE_OBJC_ARC = YES;
				CLANG_ENABLE_OBJC_WEAK = YES;
				CLANG_WARN_BLOCK_CAPTURE_AUTORELEASING = YES;
				CLANG_WARN_BOOL_CONVERSION = YES;
				CLANG_WARN_COMMA = YES;
				CLANG_WARN_CONSTANT_CONVERSION = YES;
				CLANG_WARN_DEPRECATED_OBJC_IMPLEMENTATIONS = YES;
				CLANG_WARN_DIRECT_OBJC_ISA_USAGE = YES_ERROR;
				CLANG_WARN_DOCUMENTATION_COMMENTS = YES;
				CLANG_WARN_EMPTY_BODY = YES;
				CLANG_WARN_ENUM_CONVERSION = YES;
				CLANG_WARN_INFINITE_RECURSION = YES;
				CLANG_WARN_INT_CONVERSION = YES;
				CLANG_WARN_NON_LITERAL_NULL_CONVERSION = YES;
				CLANG_WARN_OBJC_IMPLICIT_RETAIN_SELF = YES;
				CLANG_WARN_OBJC_LITERAL_CONVERSION = YES;
				CLANG_WARN_OBJC_ROOT_CLASS = YES_ERROR;
				CLANG_WARN_QUOTED_INCLUDE_IN_FRAMEWORK_HEADER = YES;
				CLANG_WARN_RANGE_LOOP_ANALYSIS = YES;
				CLANG_WARN_STRICT_PROTOTYPES = YES;
				CLANG_WARN_SUSPICIOUS_MOVE = YES;
				CLANG_WARN_UNGUARDED_AVAILABILITY = YES_AGGRESSIVE;
				CLANG_WARN_UNREACHABLE_CODE = YES;
				CLANG_WARN__DUPLICATE_METHOD_MATCH = YES;
				COPY_PHASE_STRIP = NO;
				DEBUG_INFORMATION_FORMAT = dwarf;
				ENABLE_STRICT_OBJC_MSGSEND = YES;
				ENABLE_TESTABILITY = YES;
				GCC_C_LANGUAGE_STANDARD = gnu11;
				GCC_DYNAMIC_NO_PIC = NO;
				GCC_NO_COMMON_BLOCKS = YES;
				GCC_OPTIMIZATION_LEVEL = 0;
				GCC_PREPROCESSOR_DEFINITIONS = (
					"DEBUG=1",
					"$(inherited)",
				);
				GCC_WARN_64_TO_32_BIT_CONVERSION = YES;
				GCC_WARN_ABOUT_RETURN_TYPE = YES_ERROR;
				GCC_WARN_UNDECLARED_SELECTOR = YES;
				GCC_WARN_UNINITIALIZED_AUTOS = YES_AGGRESSIVE;
				GCC_WARN_UNUSED_FUNCTION = YES;
				GCC_WARN_UNUSED_VARIABLE = YES;
				IPHONEOS_DEPLOYMENT_TARGET = 15.5;
				MTL_ENABLE_DEBUG_INFO = INCLUDE_SOURCE;
				MTL_FAST_MATH = YES;
				ONLY_ACTIVE_ARCH = YES;
				SDKROOT = iphoneos;
				SWIFT_ACTIVE_COMPILATION_CONDITIONS = DEBUG;
				SWIFT_OPTIMIZATION_LEVEL = "-Onone";
			};
			name = Debug;
		};
		3FA96A14291F40EC007060C3 /* Release */ = {
			isa = XCBuildConfiguration;
			buildSettings = {
				ALWAYS_SEARCH_USER_PATHS = NO;
				CLANG_ANALYZER_NONNULL = YES;
				CLANG_ANALYZER_NUMBER_OBJECT_CONVERSION = YES_AGGRESSIVE;
				CLANG_CXX_LANGUAGE_STANDARD = "gnu++17";
				CLANG_ENABLE_MODULES = YES;
				CLANG_ENABLE_OBJC_ARC = YES;
				CLANG_ENABLE_OBJC_WEAK = YES;
				CLANG_WARN_BLOCK_CAPTURE_AUTORELEASING = YES;
				CLANG_WARN_BOOL_CONVERSION = YES;
				CLANG_WARN_COMMA = YES;
				CLANG_WARN_CONSTANT_CONVERSION = YES;
				CLANG_WARN_DEPRECATED_OBJC_IMPLEMENTATIONS = YES;
				CLANG_WARN_DIRECT_OBJC_ISA_USAGE = YES_ERROR;
				CLANG_WARN_DOCUMENTATION_COMMENTS = YES;
				CLANG_WARN_EMPTY_BODY = YES;
				CLANG_WARN_ENUM_CONVERSION = YES;
				CLANG_WARN_INFINITE_RECURSION = YES;
				CLANG_WARN_INT_CONVERSION = YES;
				CLANG_WARN_NON_LITERAL_NULL_CONVERSION = YES;
				CLANG_WARN_OBJC_IMPLICIT_RETAIN_SELF = YES;
				CLANG_WARN_OBJC_LITERAL_CONVERSION = YES;
				CLANG_WARN_OBJC_ROOT_CLASS = YES_ERROR;
				CLANG_WARN_QUOTED_INCLUDE_IN_FRAMEWORK_HEADER = YES;
				CLANG_WARN_RANGE_LOOP_ANALYSIS = YES;
				CLANG_WARN_STRICT_PROTOTYPES = YES;
				CLANG_WARN_SUSPICIOUS_MOVE = YES;
				CLANG_WARN_UNGUARDED_AVAILABILITY = YES_AGGRESSIVE;
				CLANG_WARN_UNREACHABLE_CODE = YES;
				CLANG_WARN__DUPLICATE_METHOD_MATCH = YES;
				COPY_PHASE_STRIP = NO;
				DEBUG_INFORMATION_FORMAT = "dwarf-with-dsym";
				ENABLE_NS_ASSERTIONS = NO;
				ENABLE_STRICT_OBJC_MSGSEND = YES;
				GCC_C_LANGUAGE_STANDARD = gnu11;
				GCC_NO_COMMON_BLOCKS = YES;
				GCC_WARN_64_TO_32_BIT_CONVERSION = YES;
				GCC_WARN_ABOUT_RETURN_TYPE = YES_ERROR;
				GCC_WARN_UNDECLARED_SELECTOR = YES;
				GCC_WARN_UNINITIALIZED_AUTOS = YES_AGGRESSIVE;
				GCC_WARN_UNUSED_FUNCTION = YES;
				GCC_WARN_UNUSED_VARIABLE = YES;
				IPHONEOS_DEPLOYMENT_TARGET = 15.5;
				MTL_ENABLE_DEBUG_INFO = NO;
				MTL_FAST_MATH = YES;
				SDKROOT = iphoneos;
				SWIFT_COMPILATION_MODE = wholemodule;
				SWIFT_OPTIMIZATION_LEVEL = "-O";
				VALIDATE_PRODUCT = YES;
			};
			name = Release;
		};
		3FA96A16291F40EC007060C3 /* Debug */ = {
			isa = XCBuildConfiguration;
			buildSettings = {
				ASSETCATALOG_COMPILER_APPICON_NAME = AppIcon;
				ASSETCATALOG_COMPILER_GLOBAL_ACCENT_COLOR_NAME = AccentColor;
				CODE_SIGN_STYLE = Automatic;
				CURRENT_PROJECT_VERSION = 1;
				GENERATE_INFOPLIST_FILE = YES;
				INFOPLIST_FILE = alerts/Info.plist;
				INFOPLIST_KEY_UIApplicationSupportsIndirectInputEvents = YES;
				INFOPLIST_KEY_UILaunchStoryboardName = LaunchScreen;
				INFOPLIST_KEY_UIMainStoryboardFile = Main;
				INFOPLIST_KEY_UISupportedInterfaceOrientations_iPad = "UIInterfaceOrientationPortrait UIInterfaceOrientationPortraitUpsideDown UIInterfaceOrientationLandscapeLeft UIInterfaceOrientationLandscapeRight";
				INFOPLIST_KEY_UISupportedInterfaceOrientations_iPhone = "UIInterfaceOrientationPortrait UIInterfaceOrientationLandscapeLeft UIInterfaceOrientationLandscapeRight";
				LD_RUNPATH_SEARCH_PATHS = (
					"$(inherited)",
					"@executable_path/Frameworks",
				);
				MARKETING_VERSION = 1.0;
				PRODUCT_BUNDLE_IDENTIFIER = com.req6.alerts;
				PRODUCT_NAME = "$(TARGET_NAME)";
				SWIFT_EMIT_LOC_STRINGS = YES;
				SWIFT_VERSION = 5.0;
				TARGETED_DEVICE_FAMILY = "1,2";
			};
			name = Debug;
		};
		3FA96A17291F40EC007060C3 /* Release */ = {
			isa = XCBuildConfiguration;
			buildSettings = {
				ASSETCATALOG_COMPILER_APPICON_NAME = AppIcon;
				ASSETCATALOG_COMPILER_GLOBAL_ACCENT_COLOR_NAME = AccentColor;
				CODE_SIGN_STYLE = Automatic;
				CURRENT_PROJECT_VERSION = 1;
				GENERATE_INFOPLIST_FILE = YES;
				INFOPLIST_FILE = alerts/Info.plist;
				INFOPLIST_KEY_UIApplicationSupportsIndirectInputEvents = YES;
				INFOPLIST_KEY_UILaunchStoryboardName = LaunchScreen;
				INFOPLIST_KEY_UIMainStoryboardFile = Main;
				INFOPLIST_KEY_UISupportedInterfaceOrientations_iPad = "UIInterfaceOrientationPortrait UIInterfaceOrientationPortraitUpsideDown UIInterfaceOrientationLandscapeLeft UIInterfaceOrientationLandscapeRight";
				INFOPLIST_KEY_UISupportedInterfaceOrientations_iPhone = "UIInterfaceOrientationPortrait UIInterfaceOrientationLandscapeLeft UIInterfaceOrientationLandscapeRight";
				LD_RUNPATH_SEARCH_PATHS = (
					"$(inherited)",
					"@executable_path/Frameworks",
				);
				MARKETING_VERSION = 1.0;
				PRODUCT_BUNDLE_IDENTIFIER = com.req6.alerts;
				PRODUCT_NAME = "$(TARGET_NAME)";
				SWIFT_EMIT_LOC_STRINGS = YES;
				SWIFT_VERSION = 5.0;
				TARGETED_DEVICE_FAMILY = "1,2";
			};
			name = Release;
		};
		3FA96A19291F40EC007060C3 /* Debug */ = {
			isa = XCBuildConfiguration;
			buildSettings = {
				ALWAYS_EMBED_SWIFT_STANDARD_LIBRARIES = YES;
				BUNDLE_LOADER = "$(TEST_HOST)";
				CODE_SIGN_STYLE = Automatic;
				CURRENT_PROJECT_VERSION = 1;
				GENERATE_INFOPLIST_FILE = YES;
				IPHONEOS_DEPLOYMENT_TARGET = 15.5;
				MARKETING_VERSION = 1.0;
				PRODUCT_BUNDLE_IDENTIFIER = com.req6.alertsTests;
				PRODUCT_NAME = "$(TARGET_NAME)";
				SWIFT_EMIT_LOC_STRINGS = NO;
				SWIFT_VERSION = 5.0;
				TARGETED_DEVICE_FAMILY = "1,2";
				TEST_HOST = "$(BUILT_PRODUCTS_DIR)/alerts.app/alerts";
			};
			name = Debug;
		};
		3FA96A1A291F40EC007060C3 /* Release */ = {
			isa = XCBuildConfiguration;
			buildSettings = {
				ALWAYS_EMBED_SWIFT_STANDARD_LIBRARIES = YES;
				BUNDLE_LOADER = "$(TEST_HOST)";
				CODE_SIGN_STYLE = Automatic;
				CURRENT_PROJECT_VERSION = 1;
				GENERATE_INFOPLIST_FILE = YES;
				IPHONEOS_DEPLOYMENT_TARGET = 15.5;
				MARKETING_VERSION = 1.0;
				PRODUCT_BUNDLE_IDENTIFIER = com.req6.alertsTests;
				PRODUCT_NAME = "$(TARGET_NAME)";
				SWIFT_EMIT_LOC_STRINGS = NO;
				SWIFT_VERSION = 5.0;
				TARGETED_DEVICE_FAMILY = "1,2";
				TEST_HOST = "$(BUILT_PRODUCTS_DIR)/alerts.app/alerts";
			};
			name = Release;
		};
		3FA96A1C291F40EC007060C3 /* Debug */ = {
			isa = XCBuildConfiguration;
			buildSettings = {
				ALWAYS_EMBED_SWIFT_STANDARD_LIBRARIES = YES;
				CODE_SIGN_STYLE = Automatic;
				CURRENT_PROJECT_VERSION = 1;
				GENERATE_INFOPLIST_FILE = YES;
				MARKETING_VERSION = 1.0;
				PRODUCT_BUNDLE_IDENTIFIER = com.req6.alertsUITests;
				PRODUCT_NAME = "$(TARGET_NAME)";
				SWIFT_EMIT_LOC_STRINGS = NO;
				SWIFT_VERSION = 5.0;
				TARGETED_DEVICE_FAMILY = "1,2";
				TEST_TARGET_NAME = alerts;
			};
			name = Debug;
		};
		3FA96A1D291F40EC007060C3 /* Release */ = {
			isa = XCBuildConfiguration;
			buildSettings = {
				ALWAYS_EMBED_SWIFT_STANDARD_LIBRARIES = YES;
				CODE_SIGN_STYLE = Automatic;
				CURRENT_PROJECT_VERSION = 1;
				GENERATE_INFOPLIST_FILE = YES;
				MARKETING_VERSION = 1.0;
				PRODUCT_BUNDLE_IDENTIFIER = com.req6.alertsUITests;
				PRODUCT_NAME = "$(TARGET_NAME)";
				SWIFT_EMIT_LOC_STRINGS = NO;
				SWIFT_VERSION = 5.0;
				TARGETED_DEVICE_FAMILY = "1,2";
				TEST_TARGET_NAME = alerts;
			};
			name = Release;
		};
/* End XCBuildConfiguration section */

/* Begin XCConfigurationList section */
		3FA969E6291F40EB007060C3 /* Build configuration list for PBXProject "alerts" */ = {
			isa = XCConfigurationList;
			buildConfigurations = (
				3FA96A13291F40EC007060C3 /* Debug */,
				3FA96A14291F40EC007060C3 /* Release */,
			);
			defaultConfigurationIsVisible = 0;
			defaultConfigurationName = Release;
		};
		3FA96A15291F40EC007060C3 /* Build configuration list for PBXNativeTarget "alerts" */ = {
			isa = XCConfigurationList;
			buildConfigurations = (
				3FA96A16291F40EC007060C3 /* Debug */,
				3FA96A17291F40EC007060C3 /* Release */,
			);
			defaultConfigurationIsVisible = 0;
			defaultConfigurationName = Release;
		};
		3FA96A18291F40EC007060C3 /* Build configuration list for PBXNativeTarget "alertsTests" */ = {
			isa = XCConfigurationList;
			buildConfigurations = (
				3FA96A19291F40EC007060C3 /* Debug */,
				3FA96A1A291F40EC007060C3 /* Release */,
			);
			defaultConfigurationIsVisible = 0;
			defaultConfigurationName = Release;
		};
		3FA96A1B291F40EC007060C3 /* Build configuration list for PBXNativeTarget "alertsUITests" */ = {
			isa = XCConfigurationList;
			buildConfigurations = (
				3FA96A1C291F40EC007060C3 /* Debug */,
				3FA96A1D291F40EC007060C3 /* Release */,
			);
			defaultConfigurationIsVisible = 0;
			defaultConfigurationName = Release;
		};
/* End XCConfigurationList section */
	};
	rootObject = 3FA969E3291F40EB007060C3 /* Project object */;
}
