// !$*UTF8*$!
{
	archiveVersion = 1;
	classes = {
	};
	objectVersion = 55;
	objects = {

/* Begin PBXBuildFile section */
		3F966E892924D01A002E1F59 /* AppDelegate.swift in Sources */ = {isa = PBXBuildFile; fileRef = 3F966E882924D01A002E1F59 /* AppDelegate.swift */; };
		3F966E8B2924D01A002E1F59 /* SceneDelegate.swift in Sources */ = {isa = PBXBuildFile; fileRef = 3F966E8A2924D01A002E1F59 /* SceneDelegate.swift */; };
		3F966E8D2924D01A002E1F59 /* ViewController.swift in Sources */ = {isa = PBXBuildFile; fileRef = 3F966E8C2924D01A002E1F59 /* ViewController.swift */; };
		3F966E902924D01A002E1F59 /* Main.storyboard in Resources */ = {isa = PBXBuildFile; fileRef = 3F966E8E2924D01A002E1F59 /* Main.storyboard */; };
		3F966E922924D01A002E1F59 /* Assets.xcassets in Resources */ = {isa = PBXBuildFile; fileRef = 3F966E912924D01A002E1F59 /* Assets.xcassets */; };
		3F966E952924D01A002E1F59 /* LaunchScreen.storyboard in Resources */ = {isa = PBXBuildFile; fileRef = 3F966E932924D01A002E1F59 /* LaunchScreen.storyboard */; };
		3F966EA02924D01B002E1F59 /* MyLocationTests.swift in Sources */ = {isa = PBXBuildFile; fileRef = 3F966E9F2924D01B002E1F59 /* MyLocationTests.swift */; };
		3F966EAA2924D01B002E1F59 /* MyLocationUITests.swift in Sources */ = {isa = PBXBuildFile; fileRef = 3F966EA92924D01B002E1F59 /* MyLocationUITests.swift */; };
		3F966EAC2924D01B002E1F59 /* MyLocationUITestsLaunchTests.swift in Sources */ = {isa = PBXBuildFile; fileRef = 3F966EAB2924D01B002E1F59 /* MyLocationUITestsLaunchTests.swift */; };
/* End PBXBuildFile section */

/* Begin PBXContainerItemProxy section */
		3F966E9C2924D01B002E1F59 /* PBXContainerItemProxy */ = {
			isa = PBXContainerItemProxy;
			containerPortal = 3F966E7D2924D01A002E1F59 /* Project object */;
			proxyType = 1;
			remoteGlobalIDString = 3F966E842924D01A002E1F59;
			remoteInfo = MyLocation;
		};
		3F966EA62924D01B002E1F59 /* PBXContainerItemProxy */ = {
			isa = PBXContainerItemProxy;
			containerPortal = 3F966E7D2924D01A002E1F59 /* Project object */;
			proxyType = 1;
			remoteGlobalIDString = 3F966E842924D01A002E1F59;
			remoteInfo = MyLocation;
		};
/* End PBXContainerItemProxy section */

/* Begin PBXFileReference section */
		3F966E852924D01A002E1F59 /* MyLocation.app */ = {isa = PBXFileReference; explicitFileType = wrapper.application; includeInIndex = 0; path = MyLocation.app; sourceTree = BUILT_PRODUCTS_DIR; };
		3F966E882924D01A002E1F59 /* AppDelegate.swift */ = {isa = PBXFileReference; lastKnownFileType = sourcecode.swift; path = AppDelegate.swift; sourceTree = "<group>"; };
		3F966E8A2924D01A002E1F59 /* SceneDelegate.swift */ = {isa = PBXFileReference; lastKnownFileType = sourcecode.swift; path = SceneDelegate.swift; sourceTree = "<group>"; };
		3F966E8C2924D01A002E1F59 /* ViewController.swift */ = {isa = PBXFileReference; lastKnownFileType = sourcecode.swift; path = ViewController.swift; sourceTree = "<group>"; };
		3F966E8F2924D01A002E1F59 /* Base */ = {isa = PBXFileReference; lastKnownFileType = file.storyboard; name = Base; path = Base.lproj/Main.storyboard; sourceTree = "<group>"; };
		3F966E912924D01A002E1F59 /* Assets.xcassets */ = {isa = PBXFileReference; lastKnownFileType = folder.assetcatalog; path = Assets.xcassets; sourceTree = "<group>"; };
		3F966E942924D01A002E1F59 /* Base */ = {isa = PBXFileReference; lastKnownFileType = file.storyboard; name = Base; path = Base.lproj/LaunchScreen.storyboard; sourceTree = "<group>"; };
		3F966E962924D01A002E1F59 /* Info.plist */ = {isa = PBXFileReference; lastKnownFileType = text.plist.xml; path = Info.plist; sourceTree = "<group>"; };
		3F966E9B2924D01B002E1F59 /* MyLocationTests.xctest */ = {isa = PBXFileReference; explicitFileType = wrapper.cfbundle; includeInIndex = 0; path = MyLocationTests.xctest; sourceTree = BUILT_PRODUCTS_DIR; };
		3F966E9F2924D01B002E1F59 /* MyLocationTests.swift */ = {isa = PBXFileReference; lastKnownFileType = sourcecode.swift; path = MyLocationTests.swift; sourceTree = "<group>"; };
		3F966EA52924D01B002E1F59 /* MyLocationUITests.xctest */ = {isa = PBXFileReference; explicitFileType = wrapper.cfbundle; includeInIndex = 0; path = MyLocationUITests.xctest; sourceTree = BUILT_PRODUCTS_DIR; };
		3F966EA92924D01B002E1F59 /* MyLocationUITests.swift */ = {isa = PBXFileReference; lastKnownFileType = sourcecode.swift; path = MyLocationUITests.swift; sourceTree = "<group>"; };
		3F966EAB2924D01B002E1F59 /* MyLocationUITestsLaunchTests.swift */ = {isa = PBXFileReference; lastKnownFileType = sourcecode.swift; path = MyLocationUITestsLaunchTests.swift; sourceTree = "<group>"; };
/* End PBXFileReference section */

/* Begin PBXFrameworksBuildPhase section */
		3F966E822924D01A002E1F59 /* Frameworks */ = {
			isa = PBXFrameworksBuildPhase;
			buildActionMask = 2147483647;
			files = (
			);
			runOnlyForDeploymentPostprocessing = 0;
		};
		3F966E982924D01B002E1F59 /* Frameworks */ = {
			isa = PBXFrameworksBuildPhase;
			buildActionMask = 2147483647;
			files = (
			);
			runOnlyForDeploymentPostprocessing = 0;
		};
		3F966EA22924D01B002E1F59 /* Frameworks */ = {
			isa = PBXFrameworksBuildPhase;
			buildActionMask = 2147483647;
			files = (
			);
			runOnlyForDeploymentPostprocessing = 0;
		};
/* End PBXFrameworksBuildPhase section */

/* Begin PBXGroup section */
		3F966E7C2924D01A002E1F59 = {
			isa = PBXGroup;
			children = (
				3F966E872924D01A002E1F59 /* MyLocation */,
				3F966E9E2924D01B002E1F59 /* MyLocationTests */,
				3F966EA82924D01B002E1F59 /* MyLocationUITests */,
				3F966E862924D01A002E1F59 /* Products */,
			);
			sourceTree = "<group>";
		};
		3F966E862924D01A002E1F59 /* Products */ = {
			isa = PBXGroup;
			children = (
				3F966E852924D01A002E1F59 /* MyLocation.app */,
				3F966E9B2924D01B002E1F59 /* MyLocationTests.xctest */,
				3F966EA52924D01B002E1F59 /* MyLocationUITests.xctest */,
			);
			name = Products;
			sourceTree = "<group>";
		};
		3F966E872924D01A002E1F59 /* MyLocation */ = {
			isa = PBXGroup;
			children = (
				3F966E882924D01A002E1F59 /* AppDelegate.swift */,
				3F966E8A2924D01A002E1F59 /* SceneDelegate.swift */,
				3F966E8C2924D01A002E1F59 /* ViewController.swift */,
				3F966E8E2924D01A002E1F59 /* Main.storyboard */,
				3F966E912924D01A002E1F59 /* Assets.xcassets */,
				3F966E932924D01A002E1F59 /* LaunchScreen.storyboard */,
				3F966E962924D01A002E1F59 /* Info.plist */,
			);
			path = MyLocation;
			sourceTree = "<group>";
		};
		3F966E9E2924D01B002E1F59 /* MyLocationTests */ = {
			isa = PBXGroup;
			children = (
				3F966E9F2924D01B002E1F59 /* MyLocationTests.swift */,
			);
			path = MyLocationTests;
			sourceTree = "<group>";
		};
		3F966EA82924D01B002E1F59 /* MyLocationUITests */ = {
			isa = PBXGroup;
			children = (
				3F966EA92924D01B002E1F59 /* MyLocationUITests.swift */,
				3F966EAB2924D01B002E1F59 /* MyLocationUITestsLaunchTests.swift */,
			);
			path = MyLocationUITests;
			sourceTree = "<group>";
		};
/* End PBXGroup section */

/* Begin PBXNativeTarget section */
		3F966E842924D01A002E1F59 /* MyLocation */ = {
			isa = PBXNativeTarget;
			buildConfigurationList = 3F966EAF2924D01B002E1F59 /* Build configuration list for PBXNativeTarget "MyLocation" */;
			buildPhases = (
				3F966E812924D01A002E1F59 /* Sources */,
				3F966E822924D01A002E1F59 /* Frameworks */,
				3F966E832924D01A002E1F59 /* Resources */,
			);
			buildRules = (
			);
			dependencies = (
			);
			name = MyLocation;
			productName = MyLocation;
			productReference = 3F966E852924D01A002E1F59 /* MyLocation.app */;
			productType = "com.apple.product-type.application";
		};
		3F966E9A2924D01B002E1F59 /* MyLocationTests */ = {
			isa = PBXNativeTarget;
			buildConfigurationList = 3F966EB22924D01B002E1F59 /* Build configuration list for PBXNativeTarget "MyLocationTests" */;
			buildPhases = (
				3F966E972924D01B002E1F59 /* Sources */,
				3F966E982924D01B002E1F59 /* Frameworks */,
				3F966E992924D01B002E1F59 /* Resources */,
			);
			buildRules = (
			);
			dependencies = (
				3F966E9D2924D01B002E1F59 /* PBXTargetDependency */,
			);
			name = MyLocationTests;
			productName = MyLocationTests;
			productReference = 3F966E9B2924D01B002E1F59 /* MyLocationTests.xctest */;
			productType = "com.apple.product-type.bundle.unit-test";
		};
		3F966EA42924D01B002E1F59 /* MyLocationUITests */ = {
			isa = PBXNativeTarget;
			buildConfigurationList = 3F966EB52924D01B002E1F59 /* Build configuration list for PBXNativeTarget "MyLocationUITests" */;
			buildPhases = (
				3F966EA12924D01B002E1F59 /* Sources */,
				3F966EA22924D01B002E1F59 /* Frameworks */,
				3F966EA32924D01B002E1F59 /* Resources */,
			);
			buildRules = (
			);
			dependencies = (
				3F966EA72924D01B002E1F59 /* PBXTargetDependency */,
			);
			name = MyLocationUITests;
			productName = MyLocationUITests;
			productReference = 3F966EA52924D01B002E1F59 /* MyLocationUITests.xctest */;
			productType = "com.apple.product-type.bundle.ui-testing";
		};
/* End PBXNativeTarget section */

/* Begin PBXProject section */
		3F966E7D2924D01A002E1F59 /* Project object */ = {
			isa = PBXProject;
			attributes = {
				BuildIndependentTargetsInParallel = 1;
				LastSwiftUpdateCheck = 1340;
				LastUpgradeCheck = 1340;
				TargetAttributes = {
					3F966E842924D01A002E1F59 = {
						CreatedOnToolsVersion = 13.4;
					};
					3F966E9A2924D01B002E1F59 = {
						CreatedOnToolsVersion = 13.4;
						TestTargetID = 3F966E842924D01A002E1F59;
					};
					3F966EA42924D01B002E1F59 = {
						CreatedOnToolsVersion = 13.4;
						TestTargetID = 3F966E842924D01A002E1F59;
					};
				};
			};
			buildConfigurationList = 3F966E802924D01A002E1F59 /* Build configuration list for PBXProject "MyLocation" */;
			compatibilityVersion = "Xcode 13.0";
			developmentRegion = en;
			hasScannedForEncodings = 0;
			knownRegions = (
				en,
				Base,
			);
			mainGroup = 3F966E7C2924D01A002E1F59;
			productRefGroup = 3F966E862924D01A002E1F59 /* Products */;
			projectDirPath = "";
			projectRoot = "";
			targets = (
				3F966E842924D01A002E1F59 /* MyLocation */,
				3F966E9A2924D01B002E1F59 /* MyLocationTests */,
				3F966EA42924D01B002E1F59 /* MyLocationUITests */,
			);
		};
/* End PBXProject section */

/* Begin PBXResourcesBuildPhase section */
		3F966E832924D01A002E1F59 /* Resources */ = {
			isa = PBXResourcesBuildPhase;
			buildActionMask = 2147483647;
			files = (
				3F966E952924D01A002E1F59 /* LaunchScreen.storyboard in Resources */,
				3F966E922924D01A002E1F59 /* Assets.xcassets in Resources */,
				3F966E902924D01A002E1F59 /* Main.storyboard in Resources */,
			);
			runOnlyForDeploymentPostprocessing = 0;
		};
		3F966E992924D01B002E1F59 /* Resources */ = {
			isa = PBXResourcesBuildPhase;
			buildActionMask = 2147483647;
			files = (
			);
			runOnlyForDeploymentPostprocessing = 0;
		};
		3F966EA32924D01B002E1F59 /* Resources */ = {
			isa = PBXResourcesBuildPhase;
			buildActionMask = 2147483647;
			files = (
			);
			runOnlyForDeploymentPostprocessing = 0;
		};
/* End PBXResourcesBuildPhase section */

/* Begin PBXSourcesBuildPhase section */
		3F966E812924D01A002E1F59 /* Sources */ = {
			isa = PBXSourcesBuildPhase;
			buildActionMask = 2147483647;
			files = (
				3F966E8D2924D01A002E1F59 /* ViewController.swift in Sources */,
				3F966E892924D01A002E1F59 /* AppDelegate.swift in Sources */,
				3F966E8B2924D01A002E1F59 /* SceneDelegate.swift in Sources */,
			);
			runOnlyForDeploymentPostprocessing = 0;
		};
		3F966E972924D01B002E1F59 /* Sources */ = {
			isa = PBXSourcesBuildPhase;
			buildActionMask = 2147483647;
			files = (
				3F966EA02924D01B002E1F59 /* MyLocationTests.swift in Sources */,
			);
			runOnlyForDeploymentPostprocessing = 0;
		};
		3F966EA12924D01B002E1F59 /* Sources */ = {
			isa = PBXSourcesBuildPhase;
			buildActionMask = 2147483647;
			files = (
				3F966EAA2924D01B002E1F59 /* MyLocationUITests.swift in Sources */,
				3F966EAC2924D01B002E1F59 /* MyLocationUITestsLaunchTests.swift in Sources */,
			);
			runOnlyForDeploymentPostprocessing = 0;
		};
/* End PBXSourcesBuildPhase section */

/* Begin PBXTargetDependency section */
		3F966E9D2924D01B002E1F59 /* PBXTargetDependency */ = {
			isa = PBXTargetDependency;
			target = 3F966E842924D01A002E1F59 /* MyLocation */;
			targetProxy = 3F966E9C2924D01B002E1F59 /* PBXContainerItemProxy */;
		};
		3F966EA72924D01B002E1F59 /* PBXTargetDependency */ = {
			isa = PBXTargetDependency;
			target = 3F966E842924D01A002E1F59 /* MyLocation */;
			targetProxy = 3F966EA62924D01B002E1F59 /* PBXContainerItemProxy */;
		};
/* End PBXTargetDependency section */

/* Begin PBXVariantGroup section */
		3F966E8E2924D01A002E1F59 /* Main.storyboard */ = {
			isa = PBXVariantGroup;
			children = (
				3F966E8F2924D01A002E1F59 /* Base */,
			);
			name = Main.storyboard;
			sourceTree = "<group>";
		};
		3F966E932924D01A002E1F59 /* LaunchScreen.storyboard */ = {
			isa = PBXVariantGroup;
			children = (
				3F966E942924D01A002E1F59 /* Base */,
			);
			name = LaunchScreen.storyboard;
			sourceTree = "<group>";
		};
/* End PBXVariantGroup section */

/* Begin XCBuildConfiguration section */
		3F966EAD2924D01B002E1F59 /* Debug */ = {
			isa = XCBuildConfiguration;
			buildSettings = {
				ALWAYS_SEARCH_USER_PATHS = NO;
				CLANG_ANALYZER_NONNULL = YES;
				CLANG_ANALYZER_NUMBER_OBJECT_CONVERSION = YES_AGGRESSIVE;
				CLANG_CXX_LANGUAGE_STANDARD = "gnu++17";
				CLANG_ENABLE_MODULES = YES;
				CLANG_ENABLE_OBJC_ARC = YES;
				CLANG_ENABLE_OBJC_WEAK = YES;
				CLANG_WARN_BLOCK_CAPTURE_AUTORELEASING = YES;
				CLANG_WARN_BOOL_CONVERSION = YES;
				CLANG_WARN_COMMA = YES;
				CLANG_WARN_CONSTANT_CONVERSION = YES;
				CLANG_WARN_DEPRECATED_OBJC_IMPLEMENTATIONS = YES;
				CLANG_WARN_DIRECT_OBJC_ISA_USAGE = YES_ERROR;
				CLANG_WARN_DOCUMENTATION_COMMENTS = YES;
				CLANG_WARN_EMPTY_BODY = YES;
				CLANG_WARN_ENUM_CONVERSION = YES;
				CLANG_WARN_INFINITE_RECURSION = YES;
				CLANG_WARN_INT_CONVERSION = YES;
				CLANG_WARN_NON_LITERAL_NULL_CONVERSION = YES;
				CLANG_WARN_OBJC_IMPLICIT_RETAIN_SELF = YES;
				CLANG_WARN_OBJC_LITERAL_CONVERSION = YES;
				CLANG_WARN_OBJC_ROOT_CLASS = YES_ERROR;
				CLANG_WARN_QUOTED_INCLUDE_IN_FRAMEWORK_HEADER = YES;
				CLANG_WARN_RANGE_LOOP_ANALYSIS = YES;
				CLANG_WARN_STRICT_PROTOTYPES = YES;
				CLANG_WARN_SUSPICIOUS_MOVE = YES;
				CLANG_WARN_UNGUARDED_AVAILABILITY = YES_AGGRESSIVE;
				CLANG_WARN_UNREACHABLE_CODE = YES;
				CLANG_WARN__DUPLICATE_METHOD_MATCH = YES;
				COPY_PHASE_STRIP = NO;
				DEBUG_INFORMATION_FORMAT = dwarf;
				ENABLE_STRICT_OBJC_MSGSEND = YES;
				ENABLE_TESTABILITY = YES;
				GCC_C_LANGUAGE_STANDARD = gnu11;
				GCC_DYNAMIC_NO_PIC = NO;
				GCC_NO_COMMON_BLOCKS = YES;
				GCC_OPTIMIZATION_LEVEL = 0;
				GCC_PREPROCESSOR_DEFINITIONS = (
					"DEBUG=1",
					"$(inherited)",
				);
				GCC_WARN_64_TO_32_BIT_CONVERSION = YES;
				GCC_WARN_ABOUT_RETURN_TYPE = YES_ERROR;
				GCC_WARN_UNDECLARED_SELECTOR = YES;
				GCC_WARN_UNINITIALIZED_AUTOS = YES_AGGRESSIVE;
				GCC_WARN_UNUSED_FUNCTION = YES;
				GCC_WARN_UNUSED_VARIABLE = YES;
				IPHONEOS_DEPLOYMENT_TARGET = 15.5;
				MTL_ENABLE_DEBUG_INFO = INCLUDE_SOURCE;
				MTL_FAST_MATH = YES;
				ONLY_ACTIVE_ARCH = YES;
				SDKROOT = iphoneos;
				SWIFT_ACTIVE_COMPILATION_CONDITIONS = DEBUG;
				SWIFT_OPTIMIZATION_LEVEL = "-Onone";
			};
			name = Debug;
		};
		3F966EAE2924D01B002E1F59 /* Release */ = {
			isa = XCBuildConfiguration;
			buildSettings = {
				ALWAYS_SEARCH_USER_PATHS = NO;
				CLANG_ANALYZER_NONNULL = YES;
				CLANG_ANALYZER_NUMBER_OBJECT_CONVERSION = YES_AGGRESSIVE;
				CLANG_CXX_LANGUAGE_STANDARD = "gnu++17";
				CLANG_ENABLE_MODULES = YES;
				CLANG_ENABLE_OBJC_ARC = YES;
				CLANG_ENABLE_OBJC_WEAK = YES;
				CLANG_WARN_BLOCK_CAPTURE_AUTORELEASING = YES;
				CLANG_WARN_BOOL_CONVERSION = YES;
				CLANG_WARN_COMMA = YES;
				CLANG_WARN_CONSTANT_CONVERSION = YES;
				CLANG_WARN_DEPRECATED_OBJC_IMPLEMENTATIONS = YES;
				CLANG_WARN_DIRECT_OBJC_ISA_USAGE = YES_ERROR;
				CLANG_WARN_DOCUMENTATION_COMMENTS = YES;
				CLANG_WARN_EMPTY_BODY = YES;
				CLANG_WARN_ENUM_CONVERSION = YES;
				CLANG_WARN_INFINITE_RECURSION = YES;
				CLANG_WARN_INT_CONVERSION = YES;
				CLANG_WARN_NON_LITERAL_NULL_CONVERSION = YES;
				CLANG_WARN_OBJC_IMPLICIT_RETAIN_SELF = YES;
				CLANG_WARN_OBJC_LITERAL_CONVERSION = YES;
				CLANG_WARN_OBJC_ROOT_CLASS = YES_ERROR;
				CLANG_WARN_QUOTED_INCLUDE_IN_FRAMEWORK_HEADER = YES;
				CLANG_WARN_RANGE_LOOP_ANALYSIS = YES;
				CLANG_WARN_STRICT_PROTOTYPES = YES;
				CLANG_WARN_SUSPICIOUS_MOVE = YES;
				CLANG_WARN_UNGUARDED_AVAILABILITY = YES_AGGRESSIVE;
				CLANG_WARN_UNREACHABLE_CODE = YES;
				CLANG_WARN__DUPLICATE_METHOD_MATCH = YES;
				COPY_PHASE_STRIP = NO;
				DEBUG_INFORMATION_FORMAT = "dwarf-with-dsym";
				ENABLE_NS_ASSERTIONS = NO;
				ENABLE_STRICT_OBJC_MSGSEND = YES;
				GCC_C_LANGUAGE_STANDARD = gnu11;
				GCC_NO_COMMON_BLOCKS = YES;
				GCC_WARN_64_TO_32_BIT_CONVERSION = YES;
				GCC_WARN_ABOUT_RETURN_TYPE = YES_ERROR;
				GCC_WARN_UNDECLARED_SELECTOR = YES;
				GCC_WARN_UNINITIALIZED_AUTOS = YES_AGGRESSIVE;
				GCC_WARN_UNUSED_FUNCTION = YES;
				GCC_WARN_UNUSED_VARIABLE = YES;
				IPHONEOS_DEPLOYMENT_TARGET = 15.5;
				MTL_ENABLE_DEBUG_INFO = NO;
				MTL_FAST_MATH = YES;
				SDKROOT = iphoneos;
				SWIFT_COMPILATION_MODE = wholemodule;
				SWIFT_OPTIMIZATION_LEVEL = "-O";
				VALIDATE_PRODUCT = YES;
			};
			name = Release;
		};
		3F966EB02924D01B002E1F59 /* Debug */ = {
			isa = XCBuildConfiguration;
			buildSettings = {
				ASSETCATALOG_COMPILER_APPICON_NAME = AppIcon;
				ASSETCATALOG_COMPILER_GLOBAL_ACCENT_COLOR_NAME = AccentColor;
				CODE_SIGN_STYLE = Automatic;
				CURRENT_PROJECT_VERSION = 1;
				GENERATE_INFOPLIST_FILE = YES;
				INFOPLIST_FILE = MyLocation/Info.plist;
				INFOPLIST_KEY_UIApplicationSupportsIndirectInputEvents = YES;
				INFOPLIST_KEY_UILaunchStoryboardName = LaunchScreen;
				INFOPLIST_KEY_UIMainStoryboardFile = Main;
				INFOPLIST_KEY_UISupportedInterfaceOrientations_iPad = "UIInterfaceOrientationPortrait UIInterfaceOrientationPortraitUpsideDown UIInterfaceOrientationLandscapeLeft UIInterfaceOrientationLandscapeRight";
				INFOPLIST_KEY_UISupportedInterfaceOrientations_iPhone = "UIInterfaceOrientationPortrait UIInterfaceOrientationLandscapeLeft UIInterfaceOrientationLandscapeRight";
				LD_RUNPATH_SEARCH_PATHS = (
					"$(inherited)",
					"@executable_path/Frameworks",
				);
				MARKETING_VERSION = 1.0;
				PRODUCT_BUNDLE_IDENTIFIER = com.req6.MyLocation;
				PRODUCT_NAME = "$(TARGET_NAME)";
				SWIFT_EMIT_LOC_STRINGS = YES;
				SWIFT_VERSION = 5.0;
				TARGETED_DEVICE_FAMILY = "1,2";
			};
			name = Debug;
		};
		3F966EB12924D01B002E1F59 /* Release */ = {
			isa = XCBuildConfiguration;
			buildSettings = {
				ASSETCATALOG_COMPILER_APPICON_NAME = AppIcon;
				ASSETCATALOG_COMPILER_GLOBAL_ACCENT_COLOR_NAME = AccentColor;
				CODE_SIGN_STYLE = Automatic;
				CURRENT_PROJECT_VERSION = 1;
				GENERATE_INFOPLIST_FILE = YES;
				INFOPLIST_FILE = MyLocation/Info.plist;
				INFOPLIST_KEY_UIApplicationSupportsIndirectInputEvents = YES;
				INFOPLIST_KEY_UILaunchStoryboardName = LaunchScreen;
				INFOPLIST_KEY_UIMainStoryboardFile = Main;
				INFOPLIST_KEY_UISupportedInterfaceOrientations_iPad = "UIInterfaceOrientationPortrait UIInterfaceOrientationPortraitUpsideDown UIInterfaceOrientationLandscapeLeft UIInterfaceOrientationLandscapeRight";
				INFOPLIST_KEY_UISupportedInterfaceOrientations_iPhone = "UIInterfaceOrientationPortrait UIInterfaceOrientationLandscapeLeft UIInterfaceOrientationLandscapeRight";
				LD_RUNPATH_SEARCH_PATHS = (
					"$(inherited)",
					"@executable_path/Frameworks",
				);
				MARKETING_VERSION = 1.0;
				PRODUCT_BUNDLE_IDENTIFIER = com.req6.MyLocation;
				PRODUCT_NAME = "$(TARGET_NAME)";
				SWIFT_EMIT_LOC_STRINGS = YES;
				SWIFT_VERSION = 5.0;
				TARGETED_DEVICE_FAMILY = "1,2";
			};
			name = Release;
		};
		3F966EB32924D01B002E1F59 /* Debug */ = {
			isa = XCBuildConfiguration;
			buildSettings = {
				ALWAYS_EMBED_SWIFT_STANDARD_LIBRARIES = YES;
				BUNDLE_LOADER = "$(TEST_HOST)";
				CODE_SIGN_STYLE = Automatic;
				CURRENT_PROJECT_VERSION = 1;
				GENERATE_INFOPLIST_FILE = YES;
				IPHONEOS_DEPLOYMENT_TARGET = 15.5;
				MARKETING_VERSION = 1.0;
				PRODUCT_BUNDLE_IDENTIFIER = com.req6.MyLocationTests;
				PRODUCT_NAME = "$(TARGET_NAME)";
				SWIFT_EMIT_LOC_STRINGS = NO;
				SWIFT_VERSION = 5.0;
				TARGETED_DEVICE_FAMILY = "1,2";
				TEST_HOST = "$(BUILT_PRODUCTS_DIR)/MyLocation.app/MyLocation";
			};
			name = Debug;
		};
		3F966EB42924D01B002E1F59 /* Release */ = {
			isa = XCBuildConfiguration;
			buildSettings = {
				ALWAYS_EMBED_SWIFT_STANDARD_LIBRARIES = YES;
				BUNDLE_LOADER = "$(TEST_HOST)";
				CODE_SIGN_STYLE = Automatic;
				CURRENT_PROJECT_VERSION = 1;
				GENERATE_INFOPLIST_FILE = YES;
				IPHONEOS_DEPLOYMENT_TARGET = 15.5;
				MARKETING_VERSION = 1.0;
				PRODUCT_BUNDLE_IDENTIFIER = com.req6.MyLocationTests;
				PRODUCT_NAME = "$(TARGET_NAME)";
				SWIFT_EMIT_LOC_STRINGS = NO;
				SWIFT_VERSION = 5.0;
				TARGETED_DEVICE_FAMILY = "1,2";
				TEST_HOST = "$(BUILT_PRODUCTS_DIR)/MyLocation.app/MyLocation";
			};
			name = Release;
		};
		3F966EB62924D01B002E1F59 /* Debug */ = {
			isa = XCBuildConfiguration;
			buildSettings = {
				ALWAYS_EMBED_SWIFT_STANDARD_LIBRARIES = YES;
				CODE_SIGN_STYLE = Automatic;
				CURRENT_PROJECT_VERSION = 1;
				GENERATE_INFOPLIST_FILE = YES;
				MARKETING_VERSION = 1.0;
				PRODUCT_BUNDLE_IDENTIFIER = com.req6.MyLocationUITests;
				PRODUCT_NAME = "$(TARGET_NAME)";
				SWIFT_EMIT_LOC_STRINGS = NO;
				SWIFT_VERSION = 5.0;
				TARGETED_DEVICE_FAMILY = "1,2";
				TEST_TARGET_NAME = MyLocation;
			};
			name = Debug;
		};
		3F966EB72924D01B002E1F59 /* Release */ = {
			isa = XCBuildConfiguration;
			buildSettings = {
				ALWAYS_EMBED_SWIFT_STANDARD_LIBRARIES = YES;
				CODE_SIGN_STYLE = Automatic;
				CURRENT_PROJECT_VERSION = 1;
				GENERATE_INFOPLIST_FILE = YES;
				MARKETING_VERSION = 1.0;
				PRODUCT_BUNDLE_IDENTIFIER = com.req6.MyLocationUITests;
				PRODUCT_NAME = "$(TARGET_NAME)";
				SWIFT_EMIT_LOC_STRINGS = NO;
				SWIFT_VERSION = 5.0;
				TARGETED_DEVICE_FAMILY = "1,2";
				TEST_TARGET_NAME = MyLocation;
			};
			name = Release;
		};
/* End XCBuildConfiguration section */

/* Begin XCConfigurationList section */
		3F966E802924D01A002E1F59 /* Build configuration list for PBXProject "MyLocation" */ = {
			isa = XCConfigurationList;
			buildConfigurations = (
				3F966EAD2924D01B002E1F59 /* Debug */,
				3F966EAE2924D01B002E1F59 /* Release */,
			);
			defaultConfigurationIsVisible = 0;
			defaultConfigurationName = Release;
		};
		3F966EAF2924D01B002E1F59 /* Build configuration list for PBXNativeTarget "MyLocation" */ = {
			isa = XCConfigurationList;
			buildConfigurations = (
				3F966EB02924D01B002E1F59 /* Debug */,
				3F966EB12924D01B002E1F59 /* Release */,
			);
			defaultConfigurationIsVisible = 0;
			defaultConfigurationName = Release;
		};
		3F966EB22924D01B002E1F59 /* Build configuration list for PBXNativeTarget "MyLocationTests" */ = {
			isa = XCConfigurationList;
			buildConfigurations = (
				3F966EB32924D01B002E1F59 /* Debug */,
				3F966EB42924D01B002E1F59 /* Release */,
			);
			defaultConfigurationIsVisible = 0;
			defaultConfigurationName = Release;
		};
		3F966EB52924D01B002E1F59 /* Build configuration list for PBXNativeTarget "MyLocationUITests" */ = {
			isa = XCConfigurationList;
			buildConfigurations = (
				3F966EB62924D01B002E1F59 /* Debug */,
				3F966EB72924D01B002E1F59 /* Release */,
			);
			defaultConfigurationIsVisible = 0;
			defaultConfigurationName = Release;
		};
/* End XCConfigurationList section */
	};
	rootObject = 3F966E7D2924D01A002E1F59 /* Project object */;
}
